// !$*UTF8*$!
{
	archiveVersion = 1;
	classes = {
	};
	objectVersion = 46;
	objects = {

/* Begin PBXBuildFile section */
		BA02634516D7579700298803 /* AppDelegate.m in Sources */ = {isa = PBXBuildFile; fileRef = BA02634416D7579700298803 /* AppDelegate.m */; };
		BA02634916D759CB00298803 /* PPRevealSideViewController.m in Sources */ = {isa = PBXBuildFile; fileRef = BA02634816D759CB00298803 /* PPRevealSideViewController.m */; };
		BA02635216D75E4F00298803 /* Common.m in Sources */ = {isa = PBXBuildFile; fileRef = BA02635116D75E4F00298803 /* Common.m */; };
		BA05128616FA14C10091D3C6 /* UIImage+Retina4.m in Sources */ = {isa = PBXBuildFile; fileRef = BA05128516FA14C10091D3C6 /* UIImage+Retina4.m */; };
		BA0DC16B16D4C3A500E4CED9 /* UIKit.framework in Frameworks */ = {isa = PBXBuildFile; fileRef = BA0DC16A16D4C3A500E4CED9 /* UIKit.framework */; };
		BA0DC16D16D4C3A500E4CED9 /* Foundation.framework in Frameworks */ = {isa = PBXBuildFile; fileRef = BA0DC16C16D4C3A500E4CED9 /* Foundation.framework */; };
		BA0DC16F16D4C3A500E4CED9 /* CoreGraphics.framework in Frameworks */ = {isa = PBXBuildFile; fileRef = BA0DC16E16D4C3A500E4CED9 /* CoreGraphics.framework */; };
		BA0DC17516D4C3A500E4CED9 /* InfoPlist.strings in Resources */ = {isa = PBXBuildFile; fileRef = BA0DC17316D4C3A500E4CED9 /* InfoPlist.strings */; };
		BA0DC17716D4C3A500E4CED9 /* main.m in Sources */ = {isa = PBXBuildFile; fileRef = BA0DC17616D4C3A500E4CED9 /* main.m */; };
		BA0DC17D16D4C3A500E4CED9 /* Default.png in Resources */ = {isa = PBXBuildFile; fileRef = BA0DC17C16D4C3A500E4CED9 /* Default.png */; };
		BA0DC17F16D4C3A500E4CED9 /* Default@2x.png in Resources */ = {isa = PBXBuildFile; fileRef = BA0DC17E16D4C3A500E4CED9 /* Default@2x.png */; };
		BA0DC18116D4C3A500E4CED9 /* Default-568h@2x.png in Resources */ = {isa = PBXBuildFile; fileRef = BA0DC18016D4C3A500E4CED9 /* Default-568h@2x.png */; };
		BA28C7DD16FF65AE006AAC38 /* ShoppingListView.xib in Resources */ = {isa = PBXBuildFile; fileRef = BA28C7DC16FF65AE006AAC38 /* ShoppingListView.xib */; };
		BA3F5E6116FA295B00493260 /* CoreImage.framework in Frameworks */ = {isa = PBXBuildFile; fileRef = BA3F5E5F16FA290200493260 /* CoreImage.framework */; };
		BA3F5E6216FA295B00493260 /* QuartzCore.framework in Frameworks */ = {isa = PBXBuildFile; fileRef = BA3F5E5D16FA28F800493260 /* QuartzCore.framework */; };
		BA3F5E6316FA295B00493260 /* ImageIO.framework in Frameworks */ = {isa = PBXBuildFile; fileRef = BA3F5E5B16FA28E200493260 /* ImageIO.framework */; };
		BA3F5E6416FA295B00493260 /* AssetsLibrary.framework in Frameworks */ = {isa = PBXBuildFile; fileRef = BA3F5E5916FA28DA00493260 /* AssetsLibrary.framework */; };
		BA3F5E6516FA295B00493260 /* Accelerate.framework in Frameworks */ = {isa = PBXBuildFile; fileRef = BA3F5E5716FA28D000493260 /* Accelerate.framework */; };
		BA3F5E6716FA297800493260 /* Images in Resources */ = {isa = PBXBuildFile; fileRef = BA3F5E6616FA297800493260 /* Images */; };
		BA50F3541710413D00E3B6CE /* SearchBarView.m in Sources */ = {isa = PBXBuildFile; fileRef = BA50F3531710413D00E3B6CE /* SearchBarView.m */; };
		BA6069921707D0430060C251 /* AccountTableViewCell.m in Sources */ = {isa = PBXBuildFile; fileRef = BA6069911707D0430060C251 /* AccountTableViewCell.m */; };
		BA6069951707D5ED0060C251 /* AccountTableViewGridCell.m in Sources */ = {isa = PBXBuildFile; fileRef = BA6069941707D5ED0060C251 /* AccountTableViewGridCell.m */; };
		BA60699E17080F340060C251 /* UserCollection.m in Sources */ = {isa = PBXBuildFile; fileRef = BA60699D17080F340060C251 /* UserCollection.m */; };
		BA6069A1170810C80060C251 /* User.m in Sources */ = {isa = PBXBuildFile; fileRef = BA6069A0170810C80060C251 /* User.m */; };
		BA6069AD1708E3DA0060C251 /* DebugOption.xib in Resources */ = {isa = PBXBuildFile; fileRef = BA6069AC1708E3DA0060C251 /* DebugOption.xib */; };
		BA6069B01708E4C10060C251 /* DebugOptionController.m in Sources */ = {isa = PBXBuildFile; fileRef = BA6069AF1708E4C00060C251 /* DebugOptionController.m */; };
		BA6069B41709EEAF0060C251 /* DBHandler.m in Sources */ = {isa = PBXBuildFile; fileRef = BA6069B31709EEAF0060C251 /* DBHandler.m */; };
		BA6069D5170ADE680060C251 /* MapKit.framework in Frameworks */ = {isa = PBXBuildFile; fileRef = BA6069D4170ADE670060C251 /* MapKit.framework */; };
		BA6069D8170AF1BD0060C251 /* ConfigHandler.m in Sources */ = {isa = PBXBuildFile; fileRef = BA6069D7170AF1BD0060C251 /* ConfigHandler.m */; };
		BA6CEC9C1702297D00EDFC24 /* RegisterController.m in Sources */ = {isa = PBXBuildFile; fileRef = BA6CEC9A1702297D00EDFC24 /* RegisterController.m */; };
		BA6CEC9F170229A100EDFC24 /* RegisterView.xib in Resources */ = {isa = PBXBuildFile; fileRef = BA6CEC9E170229A100EDFC24 /* RegisterView.xib */; };
		BA6F2C151705A52200B2C7C7 /* UserAccount.m in Sources */ = {isa = PBXBuildFile; fileRef = BA6F2C141705A52200B2C7C7 /* UserAccount.m */; };
		BA6F2C1D1705DC9B00B2C7C7 /* AccountEngine.m in Sources */ = {isa = PBXBuildFile; fileRef = BA6F2C1C1705DC9B00B2C7C7 /* AccountEngine.m */; };
		BA6F2C201705DE9600B2C7C7 /* NetManager.m in Sources */ = {isa = PBXBuildFile; fileRef = BA6F2C1F1705DE9600B2C7C7 /* NetManager.m */; };
		BA73C94716FE1469008284D8 /* MainController.m in Sources */ = {isa = PBXBuildFile; fileRef = BA73C94616FE1469008284D8 /* MainController.m */; };
		BA73C94A16FE1F23008284D8 /* ShoppingListController.m in Sources */ = {isa = PBXBuildFile; fileRef = BA73C94916FE1F23008284D8 /* ShoppingListController.m */; };
		BA73C94D16FE3138008284D8 /* AccountController.m in Sources */ = {isa = PBXBuildFile; fileRef = BA73C94C16FE3138008284D8 /* AccountController.m */; };
		BA73C95516FE37D9008284D8 /* AccountView.xib in Resources */ = {isa = PBXBuildFile; fileRef = BA73C95416FE37D9008284D8 /* AccountView.xib */; };
		BA79118C1710706F00BC77C9 /* MainTopTableViewCell.m in Sources */ = {isa = PBXBuildFile; fileRef = BA79118B1710706F00BC77C9 /* MainTopTableViewCell.m */; };
		BA79118F1710786500BC77C9 /* Recipe.m in Sources */ = {isa = PBXBuildFile; fileRef = BA79118E1710786500BC77C9 /* Recipe.m */; };
		BA7911921710896800BC77C9 /* MainCatTableViewCell.m in Sources */ = {isa = PBXBuildFile; fileRef = BA7911911710896800BC77C9 /* MainCatTableViewCell.m */; };
		BA829BE51704880100B0341A /* MainView.xib in Resources */ = {isa = PBXBuildFile; fileRef = BA829BE41704880100B0341A /* MainView.xib */; };
		BA829BE817048E8600B0341A /* UINavigationController+Autorotate.m in Sources */ = {isa = PBXBuildFile; fileRef = BA829BE717048E8600B0341A /* UINavigationController+Autorotate.m */; };
		BA829BEA1704995300B0341A /* LoginView.xib in Resources */ = {isa = PBXBuildFile; fileRef = BA829BE91704995300B0341A /* LoginView.xib */; };
		BA829BED17049B0700B0341A /* LoginController.m in Sources */ = {isa = PBXBuildFile; fileRef = BA829BEC17049B0500B0341A /* LoginController.m */; };
		BA829BF017049DE400B0341A /* DefaultGroupedTableCell.m in Sources */ = {isa = PBXBuildFile; fileRef = BA829BEF17049DE400B0341A /* DefaultGroupedTableCell.m */; };
		BA829BF317055CD400B0341A /* RegisterAvatarView.m in Sources */ = {isa = PBXBuildFile; fileRef = BA829BF217055CD400B0341A /* RegisterAvatarView.m */; };
		BA829BF717057FCB00B0341A /* KeyboardHandler.m in Sources */ = {isa = PBXBuildFile; fileRef = BA829BF617057FCA00B0341A /* KeyboardHandler.m */; };
		BA829BFA1705877800B0341A /* UIView+FindFirstResponder.m in Sources */ = {isa = PBXBuildFile; fileRef = BA829BF91705877700B0341A /* UIView+FindFirstResponder.m */; };
		BA8B4A9C171DC0E100A83BBA /* RecipeEngine.m in Sources */ = {isa = PBXBuildFile; fileRef = BA8B4A9B171DC0E100A83BBA /* RecipeEngine.m */; };
		BABE0A14170627560056BF9D /* MBProgressHUD.m in Sources */ = {isa = PBXBuildFile; fileRef = BABE0A13170627560056BF9D /* MBProgressHUD.m */; };
		BACCF83616ECFC420094F1E5 /* .gitignore in Resources */ = {isa = PBXBuildFile; fileRef = BACCF82B16ECFC420094F1E5 /* .gitignore */; };
		BACCF83716ECFC420094F1E5 /* FMDatabase.m in Sources */ = {isa = PBXBuildFile; fileRef = BACCF82D16ECFC420094F1E5 /* FMDatabase.m */; };
		BACCF83816ECFC420094F1E5 /* FMDatabaseAdditions.m in Sources */ = {isa = PBXBuildFile; fileRef = BACCF82F16ECFC420094F1E5 /* FMDatabaseAdditions.m */; };
		BACCF83916ECFC420094F1E5 /* FMDatabasePool.m in Sources */ = {isa = PBXBuildFile; fileRef = BACCF83116ECFC420094F1E5 /* FMDatabasePool.m */; };
		BACCF83A16ECFC420094F1E5 /* FMDatabaseQueue.m in Sources */ = {isa = PBXBuildFile; fileRef = BACCF83316ECFC420094F1E5 /* FMDatabaseQueue.m */; };
		BACCF83B16ECFC420094F1E5 /* FMResultSet.m in Sources */ = {isa = PBXBuildFile; fileRef = BACCF83516ECFC420094F1E5 /* FMResultSet.m */; };
		BACCF86016ECFF310094F1E5 /* CFNetwork.framework in Frameworks */ = {isa = PBXBuildFile; fileRef = BACCF85F16ECFF310094F1E5 /* CFNetwork.framework */; };
		BACCF86216ECFF3C0094F1E5 /* SystemConfiguration.framework in Frameworks */ = {isa = PBXBuildFile; fileRef = BACCF86116ECFF3C0094F1E5 /* SystemConfiguration.framework */; };
		BACCF86416ECFF440094F1E5 /* MobileCoreServices.framework in Frameworks */ = {isa = PBXBuildFile; fileRef = BACCF86316ECFF440094F1E5 /* MobileCoreServices.framework */; };
		BACCF86616ECFF780094F1E5 /* libz.dylib in Frameworks */ = {isa = PBXBuildFile; fileRef = BACCF86516ECFF780094F1E5 /* libz.dylib */; };
		BACCF86816ECFFFA0094F1E5 /* libxml2.dylib in Frameworks */ = {isa = PBXBuildFile; fileRef = BACCF86716ECFFFA0094F1E5 /* libxml2.dylib */; };
		BACCF88216ED0BD60094F1E5 /* NSData+MKBase64.m in Sources */ = {isa = PBXBuildFile; fileRef = BACCF86E16ED0BD60094F1E5 /* NSData+MKBase64.m */; };
		BACCF88316ED0BD60094F1E5 /* NSDate+RFC1123.m in Sources */ = {isa = PBXBuildFile; fileRef = BACCF87016ED0BD60094F1E5 /* NSDate+RFC1123.m */; };
		BACCF88416ED0BD60094F1E5 /* NSDictionary+RequestEncoding.m in Sources */ = {isa = PBXBuildFile; fileRef = BACCF87216ED0BD60094F1E5 /* NSDictionary+RequestEncoding.m */; };
		BACCF88516ED0BD60094F1E5 /* NSString+MKNetworkKitAdditions.m in Sources */ = {isa = PBXBuildFile; fileRef = BACCF87416ED0BD60094F1E5 /* NSString+MKNetworkKitAdditions.m */; };
		BACCF88616ED0BD60094F1E5 /* UIAlertView+MKNetworkKitAdditions.m in Sources */ = {isa = PBXBuildFile; fileRef = BACCF87616ED0BD60094F1E5 /* UIAlertView+MKNetworkKitAdditions.m */; };
		BACCF88716ED0BD60094F1E5 /* UIImageView+MKNetworkKitAdditions.m in Sources */ = {isa = PBXBuildFile; fileRef = BACCF87816ED0BD60094F1E5 /* UIImageView+MKNetworkKitAdditions.m */; };
		BACCF88816ED0BD60094F1E5 /* MKNetworkEngine.m in Sources */ = {isa = PBXBuildFile; fileRef = BACCF87A16ED0BD60094F1E5 /* MKNetworkEngine.m */; };
		BACCF88916ED0BD60094F1E5 /* MKNetworkOperation.m in Sources */ = {isa = PBXBuildFile; fileRef = BACCF87D16ED0BD60094F1E5 /* MKNetworkOperation.m */; };
		BACCF88A16ED0BD60094F1E5 /* Reachability.m in Sources */ = {isa = PBXBuildFile; fileRef = BACCF88016ED0BD60094F1E5 /* Reachability.m */; };
		BACCF88C16ED0C2C0094F1E5 /* Security.framework in Frameworks */ = {isa = PBXBuildFile; fileRef = BACCF88B16ED0C2C0094F1E5 /* Security.framework */; };
		BACCF88E16ED0CFB0094F1E5 /* libiconv.dylib in Frameworks */ = {isa = PBXBuildFile; fileRef = BACCF88D16ED0CFB0094F1E5 /* libiconv.dylib */; };
		BACCF89016ED0D090094F1E5 /* libsqlite3.0.dylib in Frameworks */ = {isa = PBXBuildFile; fileRef = BACCF88F16ED0D090094F1E5 /* libsqlite3.0.dylib */; };
		BACCF89616ED0D630094F1E5 /* libicucore.dylib in Frameworks */ = {isa = PBXBuildFile; fileRef = BACCF89516ED0D630094F1E5 /* libicucore.dylib */; };
		BAE67BB1170B439E00414AD5 /* UIImage+Alpha.m in Sources */ = {isa = PBXBuildFile; fileRef = BAE67BAA170B439E00414AD5 /* UIImage+Alpha.m */; };
		BAE67BB2170B439E00414AD5 /* UIImage+Resize.m in Sources */ = {isa = PBXBuildFile; fileRef = BAE67BAC170B439E00414AD5 /* UIImage+Resize.m */; };
		BAE67BB3170B439E00414AD5 /* UIImage+RoundedCorner.m in Sources */ = {isa = PBXBuildFile; fileRef = BAE67BAE170B439E00414AD5 /* UIImage+RoundedCorner.m */; };
		BAE67BB4170B439E00414AD5 /* UIImage+Scaling.m in Sources */ = {isa = PBXBuildFile; fileRef = BAE67BB0170B439E00414AD5 /* UIImage+Scaling.m */; };
		BAE67BCA170B45AD00414AD5 /* MKAnnotationView+WebCache.m in Sources */ = {isa = PBXBuildFile; fileRef = BAE67BB7170B45AD00414AD5 /* MKAnnotationView+WebCache.m */; };
		BAE67BCB170B45AD00414AD5 /* SDImageCache.m in Sources */ = {isa = PBXBuildFile; fileRef = BAE67BB9170B45AD00414AD5 /* SDImageCache.m */; };
		BAE67BCC170B45AD00414AD5 /* SDWebImageDecoder.m in Sources */ = {isa = PBXBuildFile; fileRef = BAE67BBD170B45AD00414AD5 /* SDWebImageDecoder.m */; };
		BAE67BCD170B45AD00414AD5 /* SDWebImageDownloader.m in Sources */ = {isa = PBXBuildFile; fileRef = BAE67BBF170B45AD00414AD5 /* SDWebImageDownloader.m */; };
		BAE67BCE170B45AD00414AD5 /* SDWebImageManager.m in Sources */ = {isa = PBXBuildFile; fileRef = BAE67BC2170B45AD00414AD5 /* SDWebImageManager.m */; };
		BAE67BCF170B45AD00414AD5 /* SDWebImagePrefetcher.m in Sources */ = {isa = PBXBuildFile; fileRef = BAE67BC5170B45AD00414AD5 /* SDWebImagePrefetcher.m */; };
		BAE67BD0170B45AD00414AD5 /* UIButton+WebCache.m in Sources */ = {isa = PBXBuildFile; fileRef = BAE67BC7170B45AD00414AD5 /* UIButton+WebCache.m */; };
		BAE67BD1170B45AD00414AD5 /* UIImageView+WebCache.m in Sources */ = {isa = PBXBuildFile; fileRef = BAE67BC9170B45AD00414AD5 /* UIImageView+WebCache.m */; };
		BAE67BF0170B70C300414AD5 /* UIImage+Blurring.m in Sources */ = {isa = PBXBuildFile; fileRef = BAE67BD6170B70C300414AD5 /* UIImage+Blurring.m */; };
		BAE67BF1170B70C300414AD5 /* UIImage+Enhancing.m in Sources */ = {isa = PBXBuildFile; fileRef = BAE67BD8170B70C300414AD5 /* UIImage+Enhancing.m */; };
		BAE67BF2170B70C300414AD5 /* UIImage+Filtering.m in Sources */ = {isa = PBXBuildFile; fileRef = BAE67BDA170B70C300414AD5 /* UIImage+Filtering.m */; };
		BAE67BF3170B70C300414AD5 /* UIImage+Masking.m in Sources */ = {isa = PBXBuildFile; fileRef = BAE67BDC170B70C300414AD5 /* UIImage+Masking.m */; };
		BAE67BF4170B70C300414AD5 /* UIImage+Reflection.m in Sources */ = {isa = PBXBuildFile; fileRef = BAE67BDE170B70C300414AD5 /* UIImage+Reflection.m */; };
		BAE67BF5170B70C300414AD5 /* UIImage+Resizing.m in Sources */ = {isa = PBXBuildFile; fileRef = BAE67BE0170B70C300414AD5 /* UIImage+Resizing.m */; };
		BAE67BF6170B70C300414AD5 /* UIImage+Rotating.m in Sources */ = {isa = PBXBuildFile; fileRef = BAE67BE2170B70C300414AD5 /* UIImage+Rotating.m */; };
		BAE67BF7170B70C300414AD5 /* UIImage+Saving.m in Sources */ = {isa = PBXBuildFile; fileRef = BAE67BE4170B70C300414AD5 /* UIImage+Saving.m */; };
		BAE67BF8170B70C300414AD5 /* UIScrollView+Screenshot.m in Sources */ = {isa = PBXBuildFile; fileRef = BAE67BE6170B70C300414AD5 /* UIScrollView+Screenshot.m */; };
		BAE67BF9170B70C300414AD5 /* UIView+Screenshot.m in Sources */ = {isa = PBXBuildFile; fileRef = BAE67BE8170B70C300414AD5 /* UIView+Screenshot.m */; };
		BAE67BFA170B70C300414AD5 /* NYXProgressiveImageView.m in Sources */ = {isa = PBXBuildFile; fileRef = BAE67BEB170B70C300414AD5 /* NYXProgressiveImageView.m */; };
		BAE67BFB170B70C300414AD5 /* NYXImagesHelper.m in Sources */ = {isa = PBXBuildFile; fileRef = BAE67BEE170B70C300414AD5 /* NYXImagesHelper.m */; };
/* End PBXBuildFile section */

/* Begin PBXFileReference section */
		BA02634316D7579700298803 /* AppDelegate.h */ = {isa = PBXFileReference; fileEncoding = 4; lastKnownFileType = sourcecode.c.h; name = AppDelegate.h; path = Classes/AppDelegate.h; sourceTree = "<group>"; };
		BA02634416D7579700298803 /* AppDelegate.m */ = {isa = PBXFileReference; fileEncoding = 4; lastKnownFileType = sourcecode.c.objc; name = AppDelegate.m; path = Classes/AppDelegate.m; sourceTree = "<group>"; };
		BA02634716D759CB00298803 /* PPRevealSideViewController.h */ = {isa = PBXFileReference; fileEncoding = 4; lastKnownFileType = sourcecode.c.h; path = PPRevealSideViewController.h; sourceTree = "<group>"; };
		BA02634816D759CB00298803 /* PPRevealSideViewController.m */ = {isa = PBXFileReference; fileEncoding = 4; lastKnownFileType = sourcecode.c.objc; path = PPRevealSideViewController.m; sourceTree = "<group>"; };
		BA02635016D75E4F00298803 /* Common.h */ = {isa = PBXFileReference; fileEncoding = 4; lastKnownFileType = sourcecode.c.h; name = Common.h; path = Classes/Common/Common.h; sourceTree = "<group>"; };
		BA02635116D75E4F00298803 /* Common.m */ = {isa = PBXFileReference; fileEncoding = 4; lastKnownFileType = sourcecode.c.objc; name = Common.m; path = Classes/Common/Common.m; sourceTree = "<group>"; };
		BA05128416FA14C10091D3C6 /* UIImage+Retina4.h */ = {isa = PBXFileReference; fileEncoding = 4; lastKnownFileType = sourcecode.c.h; name = "UIImage+Retina4.h"; path = "Classes/Common/UIImage+Retina4.h"; sourceTree = "<group>"; };
		BA05128516FA14C10091D3C6 /* UIImage+Retina4.m */ = {isa = PBXFileReference; fileEncoding = 4; lastKnownFileType = sourcecode.c.objc; name = "UIImage+Retina4.m"; path = "Classes/Common/UIImage+Retina4.m"; sourceTree = "<group>"; };
		BA0DC16716D4C3A500E4CED9 /* HellCook.app */ = {isa = PBXFileReference; explicitFileType = wrapper.application; includeInIndex = 0; path = HellCook.app; sourceTree = BUILT_PRODUCTS_DIR; };
		BA0DC16A16D4C3A500E4CED9 /* UIKit.framework */ = {isa = PBXFileReference; lastKnownFileType = wrapper.framework; name = UIKit.framework; path = System/Library/Frameworks/UIKit.framework; sourceTree = SDKROOT; };
		BA0DC16C16D4C3A500E4CED9 /* Foundation.framework */ = {isa = PBXFileReference; lastKnownFileType = wrapper.framework; name = Foundation.framework; path = System/Library/Frameworks/Foundation.framework; sourceTree = SDKROOT; };
		BA0DC16E16D4C3A500E4CED9 /* CoreGraphics.framework */ = {isa = PBXFileReference; lastKnownFileType = wrapper.framework; name = CoreGraphics.framework; path = System/Library/Frameworks/CoreGraphics.framework; sourceTree = SDKROOT; };
		BA0DC17216D4C3A500E4CED9 /* HellCook-Info.plist */ = {isa = PBXFileReference; lastKnownFileType = text.plist.xml; path = "HellCook-Info.plist"; sourceTree = "<group>"; };
		BA0DC17416D4C3A500E4CED9 /* en */ = {isa = PBXFileReference; lastKnownFileType = text.plist.strings; name = en; path = en.lproj/InfoPlist.strings; sourceTree = "<group>"; };
		BA0DC17616D4C3A500E4CED9 /* main.m */ = {isa = PBXFileReference; lastKnownFileType = sourcecode.c.objc; path = main.m; sourceTree = "<group>"; };
		BA0DC17816D4C3A500E4CED9 /* HellCook-Prefix.pch */ = {isa = PBXFileReference; lastKnownFileType = sourcecode.c.h; path = "HellCook-Prefix.pch"; sourceTree = "<group>"; };
		BA0DC17C16D4C3A500E4CED9 /* Default.png */ = {isa = PBXFileReference; lastKnownFileType = image.png; path = Default.png; sourceTree = "<group>"; };
		BA0DC17E16D4C3A500E4CED9 /* Default@2x.png */ = {isa = PBXFileReference; lastKnownFileType = image.png; path = "Default@2x.png"; sourceTree = "<group>"; };
		BA0DC18016D4C3A500E4CED9 /* Default-568h@2x.png */ = {isa = PBXFileReference; lastKnownFileType = image.png; path = "Default-568h@2x.png"; sourceTree = "<group>"; };
		BA28C7DC16FF65AE006AAC38 /* ShoppingListView.xib */ = {isa = PBXFileReference; fileEncoding = 4; lastKnownFileType = file.xib; path = ShoppingListView.xib; sourceTree = "<group>"; };
		BA3F5E5716FA28D000493260 /* Accelerate.framework */ = {isa = PBXFileReference; lastKnownFileType = wrapper.framework; name = Accelerate.framework; path = System/Library/Frameworks/Accelerate.framework; sourceTree = SDKROOT; };
		BA3F5E5916FA28DA00493260 /* AssetsLibrary.framework */ = {isa = PBXFileReference; lastKnownFileType = wrapper.framework; name = AssetsLibrary.framework; path = System/Library/Frameworks/AssetsLibrary.framework; sourceTree = SDKROOT; };
		BA3F5E5B16FA28E200493260 /* ImageIO.framework */ = {isa = PBXFileReference; lastKnownFileType = wrapper.framework; name = ImageIO.framework; path = System/Library/Frameworks/ImageIO.framework; sourceTree = SDKROOT; };
		BA3F5E5D16FA28F800493260 /* QuartzCore.framework */ = {isa = PBXFileReference; lastKnownFileType = wrapper.framework; name = QuartzCore.framework; path = System/Library/Frameworks/QuartzCore.framework; sourceTree = SDKROOT; };
		BA3F5E5F16FA290200493260 /* CoreImage.framework */ = {isa = PBXFileReference; lastKnownFileType = wrapper.framework; name = CoreImage.framework; path = System/Library/Frameworks/CoreImage.framework; sourceTree = SDKROOT; };
		BA3F5E6616FA297800493260 /* Images */ = {isa = PBXFileReference; lastKnownFileType = folder; name = Images; path = Resources/Images; sourceTree = "<group>"; };
		BA50F3531710413D00E3B6CE /* SearchBarView.m */ = {isa = PBXFileReference; fileEncoding = 4; lastKnownFileType = sourcecode.c.objc; name = SearchBarView.m; path = Classes/Views/SearchBarView.m; sourceTree = "<group>"; };
		BA50F3551710418600E3B6CE /* SearchBarView.h */ = {isa = PBXFileReference; fileEncoding = 4; lastKnownFileType = sourcecode.c.h; name = SearchBarView.h; path = Classes/Views/SearchBarView.h; sourceTree = "<group>"; };
		BA6069901707D0430060C251 /* AccountTableViewCell.h */ = {isa = PBXFileReference; fileEncoding = 4; lastKnownFileType = sourcecode.c.h; name = AccountTableViewCell.h; path = Classes/Views/AccountTableViewCell.h; sourceTree = "<group>"; };
		BA6069911707D0430060C251 /* AccountTableViewCell.m */ = {isa = PBXFileReference; fileEncoding = 4; lastKnownFileType = sourcecode.c.objc; name = AccountTableViewCell.m; path = Classes/Views/AccountTableViewCell.m; sourceTree = "<group>"; };
		BA6069931707D5EC0060C251 /* AccountTableViewGridCell.h */ = {isa = PBXFileReference; fileEncoding = 4; lastKnownFileType = sourcecode.c.h; name = AccountTableViewGridCell.h; path = Classes/Views/AccountTableViewGridCell.h; sourceTree = "<group>"; };
		BA6069941707D5ED0060C251 /* AccountTableViewGridCell.m */ = {isa = PBXFileReference; fileEncoding = 4; lastKnownFileType = sourcecode.c.objc; name = AccountTableViewGridCell.m; path = Classes/Views/AccountTableViewGridCell.m; sourceTree = "<group>"; };
		BA60699C17080F340060C251 /* UserCollection.h */ = {isa = PBXFileReference; fileEncoding = 4; lastKnownFileType = sourcecode.c.h; name = UserCollection.h; path = Classes/Models/UserCollection.h; sourceTree = "<group>"; };
		BA60699D17080F340060C251 /* UserCollection.m */ = {isa = PBXFileReference; fileEncoding = 4; lastKnownFileType = sourcecode.c.objc; name = UserCollection.m; path = Classes/Models/UserCollection.m; sourceTree = "<group>"; };
		BA60699F170810C80060C251 /* User.h */ = {isa = PBXFileReference; fileEncoding = 4; lastKnownFileType = sourcecode.c.h; name = User.h; path = Classes/Models/User.h; sourceTree = "<group>"; };
		BA6069A0170810C80060C251 /* User.m */ = {isa = PBXFileReference; fileEncoding = 4; lastKnownFileType = sourcecode.c.objc; name = User.m; path = Classes/Models/User.m; sourceTree = "<group>"; };
		BA6069AC1708E3DA0060C251 /* DebugOption.xib */ = {isa = PBXFileReference; fileEncoding = 4; lastKnownFileType = file.xib; path = DebugOption.xib; sourceTree = "<group>"; };
		BA6069AE1708E4BF0060C251 /* DebugOptionController.h */ = {isa = PBXFileReference; fileEncoding = 4; lastKnownFileType = sourcecode.c.h; name = DebugOptionController.h; path = Classes/Controllers/DebugOptionController.h; sourceTree = "<group>"; };
		BA6069AF1708E4C00060C251 /* DebugOptionController.m */ = {isa = PBXFileReference; fileEncoding = 4; lastKnownFileType = sourcecode.c.objc; name = DebugOptionController.m; path = Classes/Controllers/DebugOptionController.m; sourceTree = "<group>"; };
		BA6069B21709EEAF0060C251 /* DBHandler.h */ = {isa = PBXFileReference; fileEncoding = 4; lastKnownFileType = sourcecode.c.h; name = DBHandler.h; path = Classes/File/DBHandler.h; sourceTree = "<group>"; };
		BA6069B31709EEAF0060C251 /* DBHandler.m */ = {isa = PBXFileReference; fileEncoding = 4; lastKnownFileType = sourcecode.c.objc; name = DBHandler.m; path = Classes/File/DBHandler.m; sourceTree = "<group>"; };
		BA6069D4170ADE670060C251 /* MapKit.framework */ = {isa = PBXFileReference; lastKnownFileType = wrapper.framework; name = MapKit.framework; path = System/Library/Frameworks/MapKit.framework; sourceTree = SDKROOT; };
		BA6069D6170AF1BC0060C251 /* ConfigHandler.h */ = {isa = PBXFileReference; fileEncoding = 4; lastKnownFileType = sourcecode.c.h; name = ConfigHandler.h; path = Classes/File/ConfigHandler.h; sourceTree = "<group>"; };
		BA6069D7170AF1BD0060C251 /* ConfigHandler.m */ = {isa = PBXFileReference; fileEncoding = 4; lastKnownFileType = sourcecode.c.objc; name = ConfigHandler.m; path = Classes/File/ConfigHandler.m; sourceTree = "<group>"; };
		BA6CEC991702297D00EDFC24 /* RegisterController.h */ = {isa = PBXFileReference; fileEncoding = 4; lastKnownFileType = sourcecode.c.h; name = RegisterController.h; path = Classes/Controllers/RegisterController.h; sourceTree = "<group>"; };
		BA6CEC9A1702297D00EDFC24 /* RegisterController.m */ = {isa = PBXFileReference; fileEncoding = 4; lastKnownFileType = sourcecode.c.objc; name = RegisterController.m; path = Classes/Controllers/RegisterController.m; sourceTree = "<group>"; };
		BA6CEC9E170229A100EDFC24 /* RegisterView.xib */ = {isa = PBXFileReference; fileEncoding = 4; lastKnownFileType = file.xib; path = RegisterView.xib; sourceTree = "<group>"; };
		BA6F2C121705A41900B2C7C7 /* GCDSingleton.h */ = {isa = PBXFileReference; fileEncoding = 4; lastKnownFileType = sourcecode.c.h; name = GCDSingleton.h; path = Classes/Common/GCDSingleton.h; sourceTree = "<group>"; };
		BA6F2C131705A52200B2C7C7 /* UserAccount.h */ = {isa = PBXFileReference; fileEncoding = 4; lastKnownFileType = sourcecode.c.h; name = UserAccount.h; path = Classes/Models/UserAccount.h; sourceTree = "<group>"; };
		BA6F2C141705A52200B2C7C7 /* UserAccount.m */ = {isa = PBXFileReference; fileEncoding = 4; lastKnownFileType = sourcecode.c.objc; name = UserAccount.m; path = Classes/Models/UserAccount.m; sourceTree = "<group>"; };
		BA6F2C1B1705DC9B00B2C7C7 /* AccountEngine.h */ = {isa = PBXFileReference; fileEncoding = 4; lastKnownFileType = sourcecode.c.h; name = AccountEngine.h; path = Classes/NetWork/AccountEngine.h; sourceTree = "<group>"; };
		BA6F2C1C1705DC9B00B2C7C7 /* AccountEngine.m */ = {isa = PBXFileReference; fileEncoding = 4; lastKnownFileType = sourcecode.c.objc; name = AccountEngine.m; path = Classes/NetWork/AccountEngine.m; sourceTree = "<group>"; };
		BA6F2C1E1705DE9600B2C7C7 /* NetManager.h */ = {isa = PBXFileReference; fileEncoding = 4; lastKnownFileType = sourcecode.c.h; name = NetManager.h; path = Classes/NetWork/NetManager.h; sourceTree = "<group>"; };
		BA6F2C1F1705DE9600B2C7C7 /* NetManager.m */ = {isa = PBXFileReference; fileEncoding = 4; lastKnownFileType = sourcecode.c.objc; name = NetManager.m; path = Classes/NetWork/NetManager.m; sourceTree = "<group>"; };
		BA73C94516FE1469008284D8 /* MainController.h */ = {isa = PBXFileReference; fileEncoding = 4; lastKnownFileType = sourcecode.c.h; name = MainController.h; path = Classes/Controllers/MainController.h; sourceTree = "<group>"; };
		BA73C94616FE1469008284D8 /* MainController.m */ = {isa = PBXFileReference; fileEncoding = 4; lastKnownFileType = sourcecode.c.objc; name = MainController.m; path = Classes/Controllers/MainController.m; sourceTree = "<group>"; };
		BA73C94816FE1F23008284D8 /* ShoppingListController.h */ = {isa = PBXFileReference; fileEncoding = 4; lastKnownFileType = sourcecode.c.h; name = ShoppingListController.h; path = Classes/Controllers/ShoppingListController.h; sourceTree = "<group>"; };
		BA73C94916FE1F23008284D8 /* ShoppingListController.m */ = {isa = PBXFileReference; fileEncoding = 4; lastKnownFileType = sourcecode.c.objc; name = ShoppingListController.m; path = Classes/Controllers/ShoppingListController.m; sourceTree = "<group>"; };
		BA73C94B16FE3138008284D8 /* AccountController.h */ = {isa = PBXFileReference; fileEncoding = 4; lastKnownFileType = sourcecode.c.h; name = AccountController.h; path = Classes/Controllers/AccountController.h; sourceTree = "<group>"; };
		BA73C94C16FE3138008284D8 /* AccountController.m */ = {isa = PBXFileReference; fileEncoding = 4; lastKnownFileType = sourcecode.c.objc; name = AccountController.m; path = Classes/Controllers/AccountController.m; sourceTree = "<group>"; };
		BA73C95416FE37D9008284D8 /* AccountView.xib */ = {isa = PBXFileReference; fileEncoding = 4; lastKnownFileType = file.xib; path = AccountView.xib; sourceTree = "<group>"; };
		BA79118A1710706F00BC77C9 /* MainTopTableViewCell.h */ = {isa = PBXFileReference; fileEncoding = 4; lastKnownFileType = sourcecode.c.h; name = MainTopTableViewCell.h; path = Classes/Views/MainTopTableViewCell.h; sourceTree = "<group>"; };
		BA79118B1710706F00BC77C9 /* MainTopTableViewCell.m */ = {isa = PBXFileReference; fileEncoding = 4; lastKnownFileType = sourcecode.c.objc; name = MainTopTableViewCell.m; path = Classes/Views/MainTopTableViewCell.m; sourceTree = "<group>"; };
		BA79118D1710786500BC77C9 /* Recipe.h */ = {isa = PBXFileReference; fileEncoding = 4; lastKnownFileType = sourcecode.c.h; name = Recipe.h; path = Classes/Models/Recipe.h; sourceTree = "<group>"; };
		BA79118E1710786500BC77C9 /* Recipe.m */ = {isa = PBXFileReference; fileEncoding = 4; lastKnownFileType = sourcecode.c.objc; name = Recipe.m; path = Classes/Models/Recipe.m; sourceTree = "<group>"; };
		BA7911901710896700BC77C9 /* MainCatTableViewCell.h */ = {isa = PBXFileReference; fileEncoding = 4; lastKnownFileType = sourcecode.c.h; name = MainCatTableViewCell.h; path = Classes/Views/MainCatTableViewCell.h; sourceTree = "<group>"; };
		BA7911911710896800BC77C9 /* MainCatTableViewCell.m */ = {isa = PBXFileReference; fileEncoding = 4; lastKnownFileType = sourcecode.c.objc; name = MainCatTableViewCell.m; path = Classes/Views/MainCatTableViewCell.m; sourceTree = "<group>"; };
		BA829BE41704880100B0341A /* MainView.xib */ = {isa = PBXFileReference; fileEncoding = 4; lastKnownFileType = file.xib; path = MainView.xib; sourceTree = "<group>"; };
		BA829BE617048E8600B0341A /* UINavigationController+Autorotate.h */ = {isa = PBXFileReference; fileEncoding = 4; lastKnownFileType = sourcecode.c.h; name = "UINavigationController+Autorotate.h"; path = "Classes/Common/UINavigationController+Autorotate.h"; sourceTree = "<group>"; };
		BA829BE717048E8600B0341A /* UINavigationController+Autorotate.m */ = {isa = PBXFileReference; fileEncoding = 4; lastKnownFileType = sourcecode.c.objc; name = "UINavigationController+Autorotate.m"; path = "Classes/Common/UINavigationController+Autorotate.m"; sourceTree = "<group>"; };
		BA829BE91704995300B0341A /* LoginView.xib */ = {isa = PBXFileReference; fileEncoding = 4; lastKnownFileType = file.xib; path = LoginView.xib; sourceTree = "<group>"; };
		BA829BEB17049B0400B0341A /* LoginController.h */ = {isa = PBXFileReference; fileEncoding = 4; lastKnownFileType = sourcecode.c.h; name = LoginController.h; path = Classes/Controllers/LoginController.h; sourceTree = "<group>"; };
		BA829BEC17049B0500B0341A /* LoginController.m */ = {isa = PBXFileReference; fileEncoding = 4; lastKnownFileType = sourcecode.c.objc; name = LoginController.m; path = Classes/Controllers/LoginController.m; sourceTree = "<group>"; };
		BA829BEE17049DE400B0341A /* DefaultGroupedTableCell.h */ = {isa = PBXFileReference; fileEncoding = 4; lastKnownFileType = sourcecode.c.h; name = DefaultGroupedTableCell.h; path = Classes/Views/Custom/DefaultGroupedTableCell.h; sourceTree = "<group>"; };
		BA829BEF17049DE400B0341A /* DefaultGroupedTableCell.m */ = {isa = PBXFileReference; fileEncoding = 4; lastKnownFileType = sourcecode.c.objc; name = DefaultGroupedTableCell.m; path = Classes/Views/Custom/DefaultGroupedTableCell.m; sourceTree = "<group>"; };
		BA829BF117055CD400B0341A /* RegisterAvatarView.h */ = {isa = PBXFileReference; fileEncoding = 4; lastKnownFileType = sourcecode.c.h; name = RegisterAvatarView.h; path = Classes/Views/RegisterAvatarView.h; sourceTree = "<group>"; };
		BA829BF217055CD400B0341A /* RegisterAvatarView.m */ = {isa = PBXFileReference; fileEncoding = 4; lastKnownFileType = sourcecode.c.objc; name = RegisterAvatarView.m; path = Classes/Views/RegisterAvatarView.m; sourceTree = "<group>"; };
		BA829BF417057F6200B0341A /* KeyboardHandlerDelegate.h */ = {isa = PBXFileReference; fileEncoding = 4; lastKnownFileType = sourcecode.c.h; name = KeyboardHandlerDelegate.h; path = Classes/Common/KeyboardHandlerDelegate.h; sourceTree = "<group>"; };
		BA829BF517057FCA00B0341A /* KeyboardHandler.h */ = {isa = PBXFileReference; fileEncoding = 4; lastKnownFileType = sourcecode.c.h; name = KeyboardHandler.h; path = Classes/Common/KeyboardHandler.h; sourceTree = "<group>"; };
		BA829BF617057FCA00B0341A /* KeyboardHandler.m */ = {isa = PBXFileReference; fileEncoding = 4; lastKnownFileType = sourcecode.c.objc; name = KeyboardHandler.m; path = Classes/Common/KeyboardHandler.m; sourceTree = "<group>"; };
		BA829BF81705877600B0341A /* UIView+FindFirstResponder.h */ = {isa = PBXFileReference; fileEncoding = 4; lastKnownFileType = sourcecode.c.h; name = "UIView+FindFirstResponder.h"; path = "Classes/Common/UIView+FindFirstResponder.h"; sourceTree = "<group>"; };
		BA829BF91705877700B0341A /* UIView+FindFirstResponder.m */ = {isa = PBXFileReference; fileEncoding = 4; lastKnownFileType = sourcecode.c.objc; name = "UIView+FindFirstResponder.m"; path = "Classes/Common/UIView+FindFirstResponder.m"; sourceTree = "<group>"; };
		BA8B4A9A171DC0E100A83BBA /* RecipeEngine.h */ = {isa = PBXFileReference; fileEncoding = 4; lastKnownFileType = sourcecode.c.h; name = RecipeEngine.h; path = Classes/NetWork/RecipeEngine.h; sourceTree = "<group>"; };
		BA8B4A9B171DC0E100A83BBA /* RecipeEngine.m */ = {isa = PBXFileReference; fileEncoding = 4; lastKnownFileType = sourcecode.c.objc; name = RecipeEngine.m; path = Classes/NetWork/RecipeEngine.m; sourceTree = "<group>"; };
		BABE0A12170627560056BF9D /* MBProgressHUD.h */ = {isa = PBXFileReference; fileEncoding = 4; lastKnownFileType = sourcecode.c.h; name = MBProgressHUD.h; path = Libs/MBProgressHUD/MBProgressHUD.h; sourceTree = "<group>"; };
		BABE0A13170627560056BF9D /* MBProgressHUD.m */ = {isa = PBXFileReference; fileEncoding = 4; lastKnownFileType = sourcecode.c.objc; name = MBProgressHUD.m; path = Libs/MBProgressHUD/MBProgressHUD.m; sourceTree = "<group>"; };
		BACCF82B16ECFC420094F1E5 /* .gitignore */ = {isa = PBXFileReference; fileEncoding = 4; lastKnownFileType = text; path = .gitignore; sourceTree = "<group>"; };
		BACCF82C16ECFC420094F1E5 /* FMDatabase.h */ = {isa = PBXFileReference; fileEncoding = 4; lastKnownFileType = sourcecode.c.h; path = FMDatabase.h; sourceTree = "<group>"; };
		BACCF82D16ECFC420094F1E5 /* FMDatabase.m */ = {isa = PBXFileReference; fileEncoding = 4; lastKnownFileType = sourcecode.c.objc; path = FMDatabase.m; sourceTree = "<group>"; };
		BACCF82E16ECFC420094F1E5 /* FMDatabaseAdditions.h */ = {isa = PBXFileReference; fileEncoding = 4; lastKnownFileType = sourcecode.c.h; path = FMDatabaseAdditions.h; sourceTree = "<group>"; };
		BACCF82F16ECFC420094F1E5 /* FMDatabaseAdditions.m */ = {isa = PBXFileReference; fileEncoding = 4; lastKnownFileType = sourcecode.c.objc; path = FMDatabaseAdditions.m; sourceTree = "<group>"; };
		BACCF83016ECFC420094F1E5 /* FMDatabasePool.h */ = {isa = PBXFileReference; fileEncoding = 4; lastKnownFileType = sourcecode.c.h; path = FMDatabasePool.h; sourceTree = "<group>"; };
		BACCF83116ECFC420094F1E5 /* FMDatabasePool.m */ = {isa = PBXFileReference; fileEncoding = 4; lastKnownFileType = sourcecode.c.objc; path = FMDatabasePool.m; sourceTree = "<group>"; };
		BACCF83216ECFC420094F1E5 /* FMDatabaseQueue.h */ = {isa = PBXFileReference; fileEncoding = 4; lastKnownFileType = sourcecode.c.h; path = FMDatabaseQueue.h; sourceTree = "<group>"; };
		BACCF83316ECFC420094F1E5 /* FMDatabaseQueue.m */ = {isa = PBXFileReference; fileEncoding = 4; lastKnownFileType = sourcecode.c.objc; path = FMDatabaseQueue.m; sourceTree = "<group>"; };
		BACCF83416ECFC420094F1E5 /* FMResultSet.h */ = {isa = PBXFileReference; fileEncoding = 4; lastKnownFileType = sourcecode.c.h; path = FMResultSet.h; sourceTree = "<group>"; };
		BACCF83516ECFC420094F1E5 /* FMResultSet.m */ = {isa = PBXFileReference; fileEncoding = 4; lastKnownFileType = sourcecode.c.objc; path = FMResultSet.m; sourceTree = "<group>"; };
		BACCF85F16ECFF310094F1E5 /* CFNetwork.framework */ = {isa = PBXFileReference; lastKnownFileType = wrapper.framework; name = CFNetwork.framework; path = System/Library/Frameworks/CFNetwork.framework; sourceTree = SDKROOT; };
		BACCF86116ECFF3C0094F1E5 /* SystemConfiguration.framework */ = {isa = PBXFileReference; lastKnownFileType = wrapper.framework; name = SystemConfiguration.framework; path = System/Library/Frameworks/SystemConfiguration.framework; sourceTree = SDKROOT; };
		BACCF86316ECFF440094F1E5 /* MobileCoreServices.framework */ = {isa = PBXFileReference; lastKnownFileType = wrapper.framework; name = MobileCoreServices.framework; path = System/Library/Frameworks/MobileCoreServices.framework; sourceTree = SDKROOT; };
		BACCF86516ECFF780094F1E5 /* libz.dylib */ = {isa = PBXFileReference; lastKnownFileType = "compiled.mach-o.dylib"; name = libz.dylib; path = usr/lib/libz.dylib; sourceTree = SDKROOT; };
		BACCF86716ECFFFA0094F1E5 /* libxml2.dylib */ = {isa = PBXFileReference; lastKnownFileType = "compiled.mach-o.dylib"; name = libxml2.dylib; path = usr/lib/libxml2.dylib; sourceTree = SDKROOT; };
		BACCF86D16ED0BD60094F1E5 /* NSData+MKBase64.h */ = {isa = PBXFileReference; fileEncoding = 4; lastKnownFileType = sourcecode.c.h; path = "NSData+MKBase64.h"; sourceTree = "<group>"; };
		BACCF86E16ED0BD60094F1E5 /* NSData+MKBase64.m */ = {isa = PBXFileReference; fileEncoding = 4; lastKnownFileType = sourcecode.c.objc; path = "NSData+MKBase64.m"; sourceTree = "<group>"; };
		BACCF86F16ED0BD60094F1E5 /* NSDate+RFC1123.h */ = {isa = PBXFileReference; fileEncoding = 4; lastKnownFileType = sourcecode.c.h; path = "NSDate+RFC1123.h"; sourceTree = "<group>"; };
		BACCF87016ED0BD60094F1E5 /* NSDate+RFC1123.m */ = {isa = PBXFileReference; fileEncoding = 4; lastKnownFileType = sourcecode.c.objc; path = "NSDate+RFC1123.m"; sourceTree = "<group>"; };
		BACCF87116ED0BD60094F1E5 /* NSDictionary+RequestEncoding.h */ = {isa = PBXFileReference; fileEncoding = 4; lastKnownFileType = sourcecode.c.h; path = "NSDictionary+RequestEncoding.h"; sourceTree = "<group>"; };
		BACCF87216ED0BD60094F1E5 /* NSDictionary+RequestEncoding.m */ = {isa = PBXFileReference; fileEncoding = 4; lastKnownFileType = sourcecode.c.objc; path = "NSDictionary+RequestEncoding.m"; sourceTree = "<group>"; };
		BACCF87316ED0BD60094F1E5 /* NSString+MKNetworkKitAdditions.h */ = {isa = PBXFileReference; fileEncoding = 4; lastKnownFileType = sourcecode.c.h; path = "NSString+MKNetworkKitAdditions.h"; sourceTree = "<group>"; };
		BACCF87416ED0BD60094F1E5 /* NSString+MKNetworkKitAdditions.m */ = {isa = PBXFileReference; fileEncoding = 4; lastKnownFileType = sourcecode.c.objc; path = "NSString+MKNetworkKitAdditions.m"; sourceTree = "<group>"; };
		BACCF87516ED0BD60094F1E5 /* UIAlertView+MKNetworkKitAdditions.h */ = {isa = PBXFileReference; fileEncoding = 4; lastKnownFileType = sourcecode.c.h; path = "UIAlertView+MKNetworkKitAdditions.h"; sourceTree = "<group>"; };
		BACCF87616ED0BD60094F1E5 /* UIAlertView+MKNetworkKitAdditions.m */ = {isa = PBXFileReference; fileEncoding = 4; lastKnownFileType = sourcecode.c.objc; path = "UIAlertView+MKNetworkKitAdditions.m"; sourceTree = "<group>"; };
		BACCF87716ED0BD60094F1E5 /* UIImageView+MKNetworkKitAdditions.h */ = {isa = PBXFileReference; fileEncoding = 4; lastKnownFileType = sourcecode.c.h; path = "UIImageView+MKNetworkKitAdditions.h"; sourceTree = "<group>"; };
		BACCF87816ED0BD60094F1E5 /* UIImageView+MKNetworkKitAdditions.m */ = {isa = PBXFileReference; fileEncoding = 4; lastKnownFileType = sourcecode.c.objc; path = "UIImageView+MKNetworkKitAdditions.m"; sourceTree = "<group>"; };
		BACCF87916ED0BD60094F1E5 /* MKNetworkEngine.h */ = {isa = PBXFileReference; fileEncoding = 4; lastKnownFileType = sourcecode.c.h; path = MKNetworkEngine.h; sourceTree = "<group>"; };
		BACCF87A16ED0BD60094F1E5 /* MKNetworkEngine.m */ = {isa = PBXFileReference; fileEncoding = 4; lastKnownFileType = sourcecode.c.objc; path = MKNetworkEngine.m; sourceTree = "<group>"; };
		BACCF87B16ED0BD60094F1E5 /* MKNetworkKit.h */ = {isa = PBXFileReference; fileEncoding = 4; lastKnownFileType = sourcecode.c.h; path = MKNetworkKit.h; sourceTree = "<group>"; };
		BACCF87C16ED0BD60094F1E5 /* MKNetworkOperation.h */ = {isa = PBXFileReference; fileEncoding = 4; lastKnownFileType = sourcecode.c.h; path = MKNetworkOperation.h; sourceTree = "<group>"; };
		BACCF87D16ED0BD60094F1E5 /* MKNetworkOperation.m */ = {isa = PBXFileReference; fileEncoding = 4; lastKnownFileType = sourcecode.c.objc; path = MKNetworkOperation.m; sourceTree = "<group>"; };
		BACCF87F16ED0BD60094F1E5 /* Reachability.h */ = {isa = PBXFileReference; fileEncoding = 4; lastKnownFileType = sourcecode.c.h; path = Reachability.h; sourceTree = "<group>"; };
		BACCF88016ED0BD60094F1E5 /* Reachability.m */ = {isa = PBXFileReference; fileEncoding = 4; lastKnownFileType = sourcecode.c.objc; path = Reachability.m; sourceTree = "<group>"; };
		BACCF88B16ED0C2C0094F1E5 /* Security.framework */ = {isa = PBXFileReference; lastKnownFileType = wrapper.framework; name = Security.framework; path = System/Library/Frameworks/Security.framework; sourceTree = SDKROOT; };
		BACCF88D16ED0CFB0094F1E5 /* libiconv.dylib */ = {isa = PBXFileReference; lastKnownFileType = "compiled.mach-o.dylib"; name = libiconv.dylib; path = usr/lib/libiconv.dylib; sourceTree = SDKROOT; };
		BACCF88F16ED0D090094F1E5 /* libsqlite3.0.dylib */ = {isa = PBXFileReference; lastKnownFileType = "compiled.mach-o.dylib"; name = libsqlite3.0.dylib; path = usr/lib/libsqlite3.0.dylib; sourceTree = SDKROOT; };
		BACCF89516ED0D630094F1E5 /* libicucore.dylib */ = {isa = PBXFileReference; lastKnownFileType = "compiled.mach-o.dylib"; name = libicucore.dylib; path = usr/lib/libicucore.dylib; sourceTree = SDKROOT; };
		BAE67BA9170B439E00414AD5 /* UIImage+Alpha.h */ = {isa = PBXFileReference; fileEncoding = 4; lastKnownFileType = sourcecode.c.h; path = "UIImage+Alpha.h"; sourceTree = "<group>"; };
		BAE67BAA170B439E00414AD5 /* UIImage+Alpha.m */ = {isa = PBXFileReference; fileEncoding = 4; lastKnownFileType = sourcecode.c.objc; path = "UIImage+Alpha.m"; sourceTree = "<group>"; };
		BAE67BAB170B439E00414AD5 /* UIImage+Resize.h */ = {isa = PBXFileReference; fileEncoding = 4; lastKnownFileType = sourcecode.c.h; path = "UIImage+Resize.h"; sourceTree = "<group>"; };
		BAE67BAC170B439E00414AD5 /* UIImage+Resize.m */ = {isa = PBXFileReference; fileEncoding = 4; lastKnownFileType = sourcecode.c.objc; path = "UIImage+Resize.m"; sourceTree = "<group>"; };
		BAE67BAD170B439E00414AD5 /* UIImage+RoundedCorner.h */ = {isa = PBXFileReference; fileEncoding = 4; lastKnownFileType = sourcecode.c.h; path = "UIImage+RoundedCorner.h"; sourceTree = "<group>"; };
		BAE67BAE170B439E00414AD5 /* UIImage+RoundedCorner.m */ = {isa = PBXFileReference; fileEncoding = 4; lastKnownFileType = sourcecode.c.objc; path = "UIImage+RoundedCorner.m"; sourceTree = "<group>"; };
		BAE67BAF170B439E00414AD5 /* UIImage+Scaling.h */ = {isa = PBXFileReference; fileEncoding = 4; lastKnownFileType = sourcecode.c.h; path = "UIImage+Scaling.h"; sourceTree = "<group>"; };
		BAE67BB0170B439E00414AD5 /* UIImage+Scaling.m */ = {isa = PBXFileReference; fileEncoding = 4; lastKnownFileType = sourcecode.c.objc; path = "UIImage+Scaling.m"; sourceTree = "<group>"; };
		BAE67BB6170B45AD00414AD5 /* MKAnnotationView+WebCache.h */ = {isa = PBXFileReference; fileEncoding = 4; lastKnownFileType = sourcecode.c.h; path = "MKAnnotationView+WebCache.h"; sourceTree = "<group>"; };
		BAE67BB7170B45AD00414AD5 /* MKAnnotationView+WebCache.m */ = {isa = PBXFileReference; fileEncoding = 4; lastKnownFileType = sourcecode.c.objc; path = "MKAnnotationView+WebCache.m"; sourceTree = "<group>"; };
		BAE67BB8170B45AD00414AD5 /* SDImageCache.h */ = {isa = PBXFileReference; fileEncoding = 4; lastKnownFileType = sourcecode.c.h; path = SDImageCache.h; sourceTree = "<group>"; };
		BAE67BB9170B45AD00414AD5 /* SDImageCache.m */ = {isa = PBXFileReference; fileEncoding = 4; lastKnownFileType = sourcecode.c.objc; path = SDImageCache.m; sourceTree = "<group>"; };
		BAE67BBA170B45AD00414AD5 /* SDImageCacheDelegate.h */ = {isa = PBXFileReference; fileEncoding = 4; lastKnownFileType = sourcecode.c.h; path = SDImageCacheDelegate.h; sourceTree = "<group>"; };
		BAE67BBB170B45AD00414AD5 /* SDWebImageCompat.h */ = {isa = PBXFileReference; fileEncoding = 4; lastKnownFileType = sourcecode.c.h; path = SDWebImageCompat.h; sourceTree = "<group>"; };
		BAE67BBC170B45AD00414AD5 /* SDWebImageDecoder.h */ = {isa = PBXFileReference; fileEncoding = 4; lastKnownFileType = sourcecode.c.h; path = SDWebImageDecoder.h; sourceTree = "<group>"; };
		BAE67BBD170B45AD00414AD5 /* SDWebImageDecoder.m */ = {isa = PBXFileReference; fileEncoding = 4; lastKnownFileType = sourcecode.c.objc; path = SDWebImageDecoder.m; sourceTree = "<group>"; };
		BAE67BBE170B45AD00414AD5 /* SDWebImageDownloader.h */ = {isa = PBXFileReference; fileEncoding = 4; lastKnownFileType = sourcecode.c.h; path = SDWebImageDownloader.h; sourceTree = "<group>"; };
		BAE67BBF170B45AD00414AD5 /* SDWebImageDownloader.m */ = {isa = PBXFileReference; fileEncoding = 4; lastKnownFileType = sourcecode.c.objc; path = SDWebImageDownloader.m; sourceTree = "<group>"; };
		BAE67BC0170B45AD00414AD5 /* SDWebImageDownloaderDelegate.h */ = {isa = PBXFileReference; fileEncoding = 4; lastKnownFileType = sourcecode.c.h; path = SDWebImageDownloaderDelegate.h; sourceTree = "<group>"; };
		BAE67BC1170B45AD00414AD5 /* SDWebImageManager.h */ = {isa = PBXFileReference; fileEncoding = 4; lastKnownFileType = sourcecode.c.h; path = SDWebImageManager.h; sourceTree = "<group>"; };
		BAE67BC2170B45AD00414AD5 /* SDWebImageManager.m */ = {isa = PBXFileReference; fileEncoding = 4; lastKnownFileType = sourcecode.c.objc; path = SDWebImageManager.m; sourceTree = "<group>"; };
		BAE67BC3170B45AD00414AD5 /* SDWebImageManagerDelegate.h */ = {isa = PBXFileReference; fileEncoding = 4; lastKnownFileType = sourcecode.c.h; path = SDWebImageManagerDelegate.h; sourceTree = "<group>"; };
		BAE67BC4170B45AD00414AD5 /* SDWebImagePrefetcher.h */ = {isa = PBXFileReference; fileEncoding = 4; lastKnownFileType = sourcecode.c.h; path = SDWebImagePrefetcher.h; sourceTree = "<group>"; };
		BAE67BC5170B45AD00414AD5 /* SDWebImagePrefetcher.m */ = {isa = PBXFileReference; fileEncoding = 4; lastKnownFileType = sourcecode.c.objc; path = SDWebImagePrefetcher.m; sourceTree = "<group>"; };
		BAE67BC6170B45AD00414AD5 /* UIButton+WebCache.h */ = {isa = PBXFileReference; fileEncoding = 4; lastKnownFileType = sourcecode.c.h; path = "UIButton+WebCache.h"; sourceTree = "<group>"; };
		BAE67BC7170B45AD00414AD5 /* UIButton+WebCache.m */ = {isa = PBXFileReference; fileEncoding = 4; lastKnownFileType = sourcecode.c.objc; path = "UIButton+WebCache.m"; sourceTree = "<group>"; };
		BAE67BC8170B45AD00414AD5 /* UIImageView+WebCache.h */ = {isa = PBXFileReference; fileEncoding = 4; lastKnownFileType = sourcecode.c.h; path = "UIImageView+WebCache.h"; sourceTree = "<group>"; };
		BAE67BC9170B45AD00414AD5 /* UIImageView+WebCache.m */ = {isa = PBXFileReference; fileEncoding = 4; lastKnownFileType = sourcecode.c.objc; path = "UIImageView+WebCache.m"; sourceTree = "<group>"; };
		BAE67BD5170B70C300414AD5 /* UIImage+Blurring.h */ = {isa = PBXFileReference; fileEncoding = 4; lastKnownFileType = sourcecode.c.h; path = "UIImage+Blurring.h"; sourceTree = "<group>"; };
		BAE67BD6170B70C300414AD5 /* UIImage+Blurring.m */ = {isa = PBXFileReference; fileEncoding = 4; lastKnownFileType = sourcecode.c.objc; path = "UIImage+Blurring.m"; sourceTree = "<group>"; };
		BAE67BD7170B70C300414AD5 /* UIImage+Enhancing.h */ = {isa = PBXFileReference; fileEncoding = 4; lastKnownFileType = sourcecode.c.h; path = "UIImage+Enhancing.h"; sourceTree = "<group>"; };
		BAE67BD8170B70C300414AD5 /* UIImage+Enhancing.m */ = {isa = PBXFileReference; fileEncoding = 4; lastKnownFileType = sourcecode.c.objc; path = "UIImage+Enhancing.m"; sourceTree = "<group>"; };
		BAE67BD9170B70C300414AD5 /* UIImage+Filtering.h */ = {isa = PBXFileReference; fileEncoding = 4; lastKnownFileType = sourcecode.c.h; path = "UIImage+Filtering.h"; sourceTree = "<group>"; };
		BAE67BDA170B70C300414AD5 /* UIImage+Filtering.m */ = {isa = PBXFileReference; fileEncoding = 4; lastKnownFileType = sourcecode.c.objc; path = "UIImage+Filtering.m"; sourceTree = "<group>"; };
		BAE67BDB170B70C300414AD5 /* UIImage+Masking.h */ = {isa = PBXFileReference; fileEncoding = 4; lastKnownFileType = sourcecode.c.h; path = "UIImage+Masking.h"; sourceTree = "<group>"; };
		BAE67BDC170B70C300414AD5 /* UIImage+Masking.m */ = {isa = PBXFileReference; fileEncoding = 4; lastKnownFileType = sourcecode.c.objc; path = "UIImage+Masking.m"; sourceTree = "<group>"; };
		BAE67BDD170B70C300414AD5 /* UIImage+Reflection.h */ = {isa = PBXFileReference; fileEncoding = 4; lastKnownFileType = sourcecode.c.h; path = "UIImage+Reflection.h"; sourceTree = "<group>"; };
		BAE67BDE170B70C300414AD5 /* UIImage+Reflection.m */ = {isa = PBXFileReference; fileEncoding = 4; lastKnownFileType = sourcecode.c.objc; path = "UIImage+Reflection.m"; sourceTree = "<group>"; };
		BAE67BDF170B70C300414AD5 /* UIImage+Resizing.h */ = {isa = PBXFileReference; fileEncoding = 4; lastKnownFileType = sourcecode.c.h; path = "UIImage+Resizing.h"; sourceTree = "<group>"; };
		BAE67BE0170B70C300414AD5 /* UIImage+Resizing.m */ = {isa = PBXFileReference; fileEncoding = 4; lastKnownFileType = sourcecode.c.objc; path = "UIImage+Resizing.m"; sourceTree = "<group>"; };
		BAE67BE1170B70C300414AD5 /* UIImage+Rotating.h */ = {isa = PBXFileReference; fileEncoding = 4; lastKnownFileType = sourcecode.c.h; path = "UIImage+Rotating.h"; sourceTree = "<group>"; };
		BAE67BE2170B70C300414AD5 /* UIImage+Rotating.m */ = {isa = PBXFileReference; fileEncoding = 4; lastKnownFileType = sourcecode.c.objc; path = "UIImage+Rotating.m"; sourceTree = "<group>"; };
		BAE67BE3170B70C300414AD5 /* UIImage+Saving.h */ = {isa = PBXFileReference; fileEncoding = 4; lastKnownFileType = sourcecode.c.h; path = "UIImage+Saving.h"; sourceTree = "<group>"; };
		BAE67BE4170B70C300414AD5 /* UIImage+Saving.m */ = {isa = PBXFileReference; fileEncoding = 4; lastKnownFileType = sourcecode.c.objc; path = "UIImage+Saving.m"; sourceTree = "<group>"; };
		BAE67BE5170B70C300414AD5 /* UIScrollView+Screenshot.h */ = {isa = PBXFileReference; fileEncoding = 4; lastKnownFileType = sourcecode.c.h; path = "UIScrollView+Screenshot.h"; sourceTree = "<group>"; };
		BAE67BE6170B70C300414AD5 /* UIScrollView+Screenshot.m */ = {isa = PBXFileReference; fileEncoding = 4; lastKnownFileType = sourcecode.c.objc; path = "UIScrollView+Screenshot.m"; sourceTree = "<group>"; };
		BAE67BE7170B70C300414AD5 /* UIView+Screenshot.h */ = {isa = PBXFileReference; fileEncoding = 4; lastKnownFileType = sourcecode.c.h; path = "UIView+Screenshot.h"; sourceTree = "<group>"; };
		BAE67BE8170B70C300414AD5 /* UIView+Screenshot.m */ = {isa = PBXFileReference; fileEncoding = 4; lastKnownFileType = sourcecode.c.objc; path = "UIView+Screenshot.m"; sourceTree = "<group>"; };
		BAE67BEA170B70C300414AD5 /* NYXProgressiveImageView.h */ = {isa = PBXFileReference; fileEncoding = 4; lastKnownFileType = sourcecode.c.h; path = NYXProgressiveImageView.h; sourceTree = "<group>"; };
		BAE67BEB170B70C300414AD5 /* NYXProgressiveImageView.m */ = {isa = PBXFileReference; fileEncoding = 4; lastKnownFileType = sourcecode.c.objc; path = NYXProgressiveImageView.m; sourceTree = "<group>"; };
		BAE67BED170B70C300414AD5 /* NYXImagesHelper.h */ = {isa = PBXFileReference; fileEncoding = 4; lastKnownFileType = sourcecode.c.h; path = NYXImagesHelper.h; sourceTree = "<group>"; };
		BAE67BEE170B70C300414AD5 /* NYXImagesHelper.m */ = {isa = PBXFileReference; fileEncoding = 4; lastKnownFileType = sourcecode.c.objc; path = NYXImagesHelper.m; sourceTree = "<group>"; };
		BAE67BEF170B70C300414AD5 /* NYXImagesKit.h */ = {isa = PBXFileReference; fileEncoding = 4; lastKnownFileType = sourcecode.c.h; path = NYXImagesKit.h; sourceTree = "<group>"; };
/* End PBXFileReference section */

/* Begin PBXFrameworksBuildPhase section */
		BA0DC16416D4C3A500E4CED9 /* Frameworks */ = {
			isa = PBXFrameworksBuildPhase;
			buildActionMask = 2147483647;
			files = (
				BA6069D5170ADE680060C251 /* MapKit.framework in Frameworks */,
				BA3F5E6116FA295B00493260 /* CoreImage.framework in Frameworks */,
				BA3F5E6216FA295B00493260 /* QuartzCore.framework in Frameworks */,
				BA3F5E6316FA295B00493260 /* ImageIO.framework in Frameworks */,
				BA3F5E6416FA295B00493260 /* AssetsLibrary.framework in Frameworks */,
				BA3F5E6516FA295B00493260 /* Accelerate.framework in Frameworks */,
				BACCF89616ED0D630094F1E5 /* libicucore.dylib in Frameworks */,
				BACCF89016ED0D090094F1E5 /* libsqlite3.0.dylib in Frameworks */,
				BACCF88E16ED0CFB0094F1E5 /* libiconv.dylib in Frameworks */,
				BACCF88C16ED0C2C0094F1E5 /* Security.framework in Frameworks */,
				BACCF86816ECFFFA0094F1E5 /* libxml2.dylib in Frameworks */,
				BACCF86616ECFF780094F1E5 /* libz.dylib in Frameworks */,
				BA0DC16F16D4C3A500E4CED9 /* CoreGraphics.framework in Frameworks */,
				BACCF86416ECFF440094F1E5 /* MobileCoreServices.framework in Frameworks */,
				BACCF86216ECFF3C0094F1E5 /* SystemConfiguration.framework in Frameworks */,
				BACCF86016ECFF310094F1E5 /* CFNetwork.framework in Frameworks */,
				BA0DC16B16D4C3A500E4CED9 /* UIKit.framework in Frameworks */,
				BA0DC16D16D4C3A500E4CED9 /* Foundation.framework in Frameworks */,
			);
			runOnlyForDeploymentPostprocessing = 0;
		};
/* End PBXFrameworksBuildPhase section */

/* Begin PBXGroup section */
		BA02634016D756D500298803 /* Classes */ = {
			isa = PBXGroup;
			children = (
				BA6069B11709EE8C0060C251 /* File */,
				BA02635316D75E5800298803 /* Common */,
				BAEFA66416E652C20044B36C /* Controller */,
				BA73C94F16FE367F008284D8 /* Model */,
				BA73C94E16FE3668008284D8 /* View */,
				BA6F2C1A1705DC7C00B2C7C7 /* NetWork */,
				BA02634316D7579700298803 /* AppDelegate.h */,
				BA02634416D7579700298803 /* AppDelegate.m */,
			);
			name = Classes;
			sourceTree = "<group>";
		};
		BA02634116D756EB00298803 /* Resoueces */ = {
			isa = PBXGroup;
			children = (
				BA73C95316FE37D9008284D8 /* NIB */,
				BA3F5E6616FA297800493260 /* Images */,
			);
			name = Resoueces;
			sourceTree = "<group>";
		};
		BA02634216D7570400298803 /* Libs */ = {
			isa = PBXGroup;
			children = (
				BAE67BD3170B70C200414AD5 /* NYXImagesKit */,
				BAE67BB5170B45AD00414AD5 /* SDWebImage */,
				BAE67BA8170B439E00414AD5 /* UIImage+Categories */,
				BABE0A111706274D0056BF9D /* MBProgressHUD */,
				BACCF86916ED0BD60094F1E5 /* MKNetworkKit */,
				BACCF82A16ECFC420094F1E5 /* fmdb */,
				BA02634616D759CB00298803 /* PPRevealSideviewController */,
			);
			name = Libs;
			sourceTree = "<group>";
		};
		BA02634616D759CB00298803 /* PPRevealSideviewController */ = {
			isa = PBXGroup;
			children = (
				BA02634716D759CB00298803 /* PPRevealSideViewController.h */,
				BA02634816D759CB00298803 /* PPRevealSideViewController.m */,
			);
			name = PPRevealSideviewController;
			path = Libs/PPRevealSideviewController;
			sourceTree = "<group>";
		};
		BA02635316D75E5800298803 /* Common */ = {
			isa = PBXGroup;
			children = (
				BA02635016D75E4F00298803 /* Common.h */,
				BA02635116D75E4F00298803 /* Common.m */,
				BA6F2C121705A41900B2C7C7 /* GCDSingleton.h */,
				BA05128416FA14C10091D3C6 /* UIImage+Retina4.h */,
				BA05128516FA14C10091D3C6 /* UIImage+Retina4.m */,
				BA829BE617048E8600B0341A /* UINavigationController+Autorotate.h */,
				BA829BE717048E8600B0341A /* UINavigationController+Autorotate.m */,
				BA829BF417057F6200B0341A /* KeyboardHandlerDelegate.h */,
				BA829BF517057FCA00B0341A /* KeyboardHandler.h */,
				BA829BF617057FCA00B0341A /* KeyboardHandler.m */,
				BA829BF81705877600B0341A /* UIView+FindFirstResponder.h */,
				BA829BF91705877700B0341A /* UIView+FindFirstResponder.m */,
			);
			name = Common;
			sourceTree = "<group>";
		};
		BA0DC15E16D4C3A500E4CED9 = {
			isa = PBXGroup;
			children = (
				BA0DC17016D4C3A500E4CED9 /* HellCook */,
				BA0DC16916D4C3A500E4CED9 /* Frameworks */,
				BA0DC16816D4C3A500E4CED9 /* Products */,
			);
			sourceTree = "<group>";
		};
		BA0DC16816D4C3A500E4CED9 /* Products */ = {
			isa = PBXGroup;
			children = (
				BA0DC16716D4C3A500E4CED9 /* HellCook.app */,
			);
			name = Products;
			sourceTree = "<group>";
		};
		BA0DC16916D4C3A500E4CED9 /* Frameworks */ = {
			isa = PBXGroup;
			children = (
				BACCF89516ED0D630094F1E5 /* libicucore.dylib */,
				BACCF88F16ED0D090094F1E5 /* libsqlite3.0.dylib */,
				BACCF88D16ED0CFB0094F1E5 /* libiconv.dylib */,
				BACCF86716ECFFFA0094F1E5 /* libxml2.dylib */,
				BACCF86516ECFF780094F1E5 /* libz.dylib */,
				BA6069D4170ADE670060C251 /* MapKit.framework */,
				BA3F5E5F16FA290200493260 /* CoreImage.framework */,
				BA3F5E5D16FA28F800493260 /* QuartzCore.framework */,
				BA3F5E5B16FA28E200493260 /* ImageIO.framework */,
				BA3F5E5916FA28DA00493260 /* AssetsLibrary.framework */,
				BA3F5E5716FA28D000493260 /* Accelerate.framework */,
				BACCF88B16ED0C2C0094F1E5 /* Security.framework */,
				BACCF86316ECFF440094F1E5 /* MobileCoreServices.framework */,
				BACCF86116ECFF3C0094F1E5 /* SystemConfiguration.framework */,
				BACCF85F16ECFF310094F1E5 /* CFNetwork.framework */,
				BA0DC16A16D4C3A500E4CED9 /* UIKit.framework */,
				BA0DC16C16D4C3A500E4CED9 /* Foundation.framework */,
				BA0DC16E16D4C3A500E4CED9 /* CoreGraphics.framework */,
			);
			name = Frameworks;
			sourceTree = "<group>";
		};
		BA0DC17016D4C3A500E4CED9 /* HellCook */ = {
			isa = PBXGroup;
			children = (
				BA02634016D756D500298803 /* Classes */,
				BA02634116D756EB00298803 /* Resoueces */,
				BA02634216D7570400298803 /* Libs */,
				BA0DC17116D4C3A500E4CED9 /* Supporting Files */,
			);
			path = HellCook;
			sourceTree = "<group>";
		};
		BA0DC17116D4C3A500E4CED9 /* Supporting Files */ = {
			isa = PBXGroup;
			children = (
				BA0DC17216D4C3A500E4CED9 /* HellCook-Info.plist */,
				BA0DC17316D4C3A500E4CED9 /* InfoPlist.strings */,
				BA0DC17616D4C3A500E4CED9 /* main.m */,
				BA0DC17816D4C3A500E4CED9 /* HellCook-Prefix.pch */,
				BA0DC17C16D4C3A500E4CED9 /* Default.png */,
				BA0DC17E16D4C3A500E4CED9 /* Default@2x.png */,
				BA0DC18016D4C3A500E4CED9 /* Default-568h@2x.png */,
			);
			name = "Supporting Files";
			sourceTree = "<group>";
		};
		BA6069B11709EE8C0060C251 /* File */ = {
			isa = PBXGroup;
			children = (
				BA6069D6170AF1BC0060C251 /* ConfigHandler.h */,
				BA6069D7170AF1BD0060C251 /* ConfigHandler.m */,
				BA6069B21709EEAF0060C251 /* DBHandler.h */,
				BA6069B31709EEAF0060C251 /* DBHandler.m */,
			);
			name = File;
			sourceTree = "<group>";
		};
		BA6F2C1A1705DC7C00B2C7C7 /* NetWork */ = {
			isa = PBXGroup;
			children = (
				BA8B4A9A171DC0E100A83BBA /* RecipeEngine.h */,
				BA8B4A9B171DC0E100A83BBA /* RecipeEngine.m */,
				BA6F2C1B1705DC9B00B2C7C7 /* AccountEngine.h */,
				BA6F2C1C1705DC9B00B2C7C7 /* AccountEngine.m */,
				BA6F2C1E1705DE9600B2C7C7 /* NetManager.h */,
				BA6F2C1F1705DE9600B2C7C7 /* NetManager.m */,
			);
			name = NetWork;
			sourceTree = "<group>";
		};
		BA73C94E16FE3668008284D8 /* View */ = {
			isa = PBXGroup;
			children = (
				BA8705C716FF5AF600BA7039 /* Custom */,
				BA6069931707D5EC0060C251 /* AccountTableViewGridCell.h */,
				BA6069941707D5ED0060C251 /* AccountTableViewGridCell.m */,
				BA6069901707D0430060C251 /* AccountTableViewCell.h */,
				BA6069911707D0430060C251 /* AccountTableViewCell.m */,
				BA79118A1710706F00BC77C9 /* MainTopTableViewCell.h */,
				BA79118B1710706F00BC77C9 /* MainTopTableViewCell.m */,
				BA7911901710896700BC77C9 /* MainCatTableViewCell.h */,
				BA7911911710896800BC77C9 /* MainCatTableViewCell.m */,
				BA829BF117055CD400B0341A /* RegisterAvatarView.h */,
				BA829BF217055CD400B0341A /* RegisterAvatarView.m */,
				BA50F3551710418600E3B6CE /* SearchBarView.h */,
				BA50F3531710413D00E3B6CE /* SearchBarView.m */,
			);
			name = View;
			sourceTree = "<group>";
		};
		BA73C94F16FE367F008284D8 /* Model */ = {
			isa = PBXGroup;
			children = (
				BA79118D1710786500BC77C9 /* Recipe.h */,
				BA79118E1710786500BC77C9 /* Recipe.m */,
				BA6F2C131705A52200B2C7C7 /* UserAccount.h */,
				BA6F2C141705A52200B2C7C7 /* UserAccount.m */,
				BA60699C17080F340060C251 /* UserCollection.h */,
				BA60699D17080F340060C251 /* UserCollection.m */,
				BA60699F170810C80060C251 /* User.h */,
				BA6069A0170810C80060C251 /* User.m */,
			);
			name = Model;
			sourceTree = "<group>";
		};
		BA73C95316FE37D9008284D8 /* NIB */ = {
			isa = PBXGroup;
			children = (
				BA829BE91704995300B0341A /* LoginView.xib */,
				BA6CEC9E170229A100EDFC24 /* RegisterView.xib */,
				BA28C7DC16FF65AE006AAC38 /* ShoppingListView.xib */,
				BA73C95416FE37D9008284D8 /* AccountView.xib */,
				BA829BE41704880100B0341A /* MainView.xib */,
				BA6069AC1708E3DA0060C251 /* DebugOption.xib */,
			);
			name = NIB;
			path = Resources/NIB;
			sourceTree = "<group>";
		};
		BA8705C716FF5AF600BA7039 /* Custom */ = {
			isa = PBXGroup;
			children = (
				BA829BEE17049DE400B0341A /* DefaultGroupedTableCell.h */,
				BA829BEF17049DE400B0341A /* DefaultGroupedTableCell.m */,
			);
			name = Custom;
			sourceTree = "<group>";
		};
		BABE0A111706274D0056BF9D /* MBProgressHUD */ = {
			isa = PBXGroup;
			children = (
				BABE0A12170627560056BF9D /* MBProgressHUD.h */,
				BABE0A13170627560056BF9D /* MBProgressHUD.m */,
			);
			name = MBProgressHUD;
			sourceTree = "<group>";
		};
		BACCF82A16ECFC420094F1E5 /* fmdb */ = {
			isa = PBXGroup;
			children = (
				BACCF82B16ECFC420094F1E5 /* .gitignore */,
				BACCF82C16ECFC420094F1E5 /* FMDatabase.h */,
				BACCF82D16ECFC420094F1E5 /* FMDatabase.m */,
				BACCF82E16ECFC420094F1E5 /* FMDatabaseAdditions.h */,
				BACCF82F16ECFC420094F1E5 /* FMDatabaseAdditions.m */,
				BACCF83016ECFC420094F1E5 /* FMDatabasePool.h */,
				BACCF83116ECFC420094F1E5 /* FMDatabasePool.m */,
				BACCF83216ECFC420094F1E5 /* FMDatabaseQueue.h */,
				BACCF83316ECFC420094F1E5 /* FMDatabaseQueue.m */,
				BACCF83416ECFC420094F1E5 /* FMResultSet.h */,
				BACCF83516ECFC420094F1E5 /* FMResultSet.m */,
			);
			name = fmdb;
			path = Libs/fmdb;
			sourceTree = "<group>";
		};
		BACCF86916ED0BD60094F1E5 /* MKNetworkKit */ = {
			isa = PBXGroup;
			children = (
				BACCF86A16ED0BD60094F1E5 /* Categories */,
				BACCF87916ED0BD60094F1E5 /* MKNetworkEngine.h */,
				BACCF87A16ED0BD60094F1E5 /* MKNetworkEngine.m */,
				BACCF87B16ED0BD60094F1E5 /* MKNetworkKit.h */,
				BACCF87C16ED0BD60094F1E5 /* MKNetworkOperation.h */,
				BACCF87D16ED0BD60094F1E5 /* MKNetworkOperation.m */,
				BACCF87E16ED0BD60094F1E5 /* Reachability */,
			);
			name = MKNetworkKit;
			path = Libs/MKNetworkKit;
			sourceTree = "<group>";
		};
		BACCF86A16ED0BD60094F1E5 /* Categories */ = {
			isa = PBXGroup;
			children = (
				BACCF86D16ED0BD60094F1E5 /* NSData+MKBase64.h */,
				BACCF86E16ED0BD60094F1E5 /* NSData+MKBase64.m */,
				BACCF86F16ED0BD60094F1E5 /* NSDate+RFC1123.h */,
				BACCF87016ED0BD60094F1E5 /* NSDate+RFC1123.m */,
				BACCF87116ED0BD60094F1E5 /* NSDictionary+RequestEncoding.h */,
				BACCF87216ED0BD60094F1E5 /* NSDictionary+RequestEncoding.m */,
				BACCF87316ED0BD60094F1E5 /* NSString+MKNetworkKitAdditions.h */,
				BACCF87416ED0BD60094F1E5 /* NSString+MKNetworkKitAdditions.m */,
				BACCF87516ED0BD60094F1E5 /* UIAlertView+MKNetworkKitAdditions.h */,
				BACCF87616ED0BD60094F1E5 /* UIAlertView+MKNetworkKitAdditions.m */,
				BACCF87716ED0BD60094F1E5 /* UIImageView+MKNetworkKitAdditions.h */,
				BACCF87816ED0BD60094F1E5 /* UIImageView+MKNetworkKitAdditions.m */,
			);
			path = Categories;
			sourceTree = "<group>";
		};
		BACCF87E16ED0BD60094F1E5 /* Reachability */ = {
			isa = PBXGroup;
			children = (
				BACCF87F16ED0BD60094F1E5 /* Reachability.h */,
				BACCF88016ED0BD60094F1E5 /* Reachability.m */,
			);
			path = Reachability;
			sourceTree = "<group>";
		};
		BAE67BA8170B439E00414AD5 /* UIImage+Categories */ = {
			isa = PBXGroup;
			children = (
				BAE67BA9170B439E00414AD5 /* UIImage+Alpha.h */,
				BAE67BAA170B439E00414AD5 /* UIImage+Alpha.m */,
				BAE67BAB170B439E00414AD5 /* UIImage+Resize.h */,
				BAE67BAC170B439E00414AD5 /* UIImage+Resize.m */,
				BAE67BAD170B439E00414AD5 /* UIImage+RoundedCorner.h */,
				BAE67BAE170B439E00414AD5 /* UIImage+RoundedCorner.m */,
				BAE67BAF170B439E00414AD5 /* UIImage+Scaling.h */,
				BAE67BB0170B439E00414AD5 /* UIImage+Scaling.m */,
			);
			name = "UIImage+Categories";
			path = "Libs/UIImage+Categories";
			sourceTree = "<group>";
		};
		BAE67BB5170B45AD00414AD5 /* SDWebImage */ = {
			isa = PBXGroup;
			children = (
				BAE67BB6170B45AD00414AD5 /* MKAnnotationView+WebCache.h */,
				BAE67BB7170B45AD00414AD5 /* MKAnnotationView+WebCache.m */,
				BAE67BB8170B45AD00414AD5 /* SDImageCache.h */,
				BAE67BB9170B45AD00414AD5 /* SDImageCache.m */,
				BAE67BBA170B45AD00414AD5 /* SDImageCacheDelegate.h */,
				BAE67BBB170B45AD00414AD5 /* SDWebImageCompat.h */,
				BAE67BBC170B45AD00414AD5 /* SDWebImageDecoder.h */,
				BAE67BBD170B45AD00414AD5 /* SDWebImageDecoder.m */,
				BAE67BBE170B45AD00414AD5 /* SDWebImageDownloader.h */,
				BAE67BBF170B45AD00414AD5 /* SDWebImageDownloader.m */,
				BAE67BC0170B45AD00414AD5 /* SDWebImageDownloaderDelegate.h */,
				BAE67BC1170B45AD00414AD5 /* SDWebImageManager.h */,
				BAE67BC2170B45AD00414AD5 /* SDWebImageManager.m */,
				BAE67BC3170B45AD00414AD5 /* SDWebImageManagerDelegate.h */,
				BAE67BC4170B45AD00414AD5 /* SDWebImagePrefetcher.h */,
				BAE67BC5170B45AD00414AD5 /* SDWebImagePrefetcher.m */,
				BAE67BC6170B45AD00414AD5 /* UIButton+WebCache.h */,
				BAE67BC7170B45AD00414AD5 /* UIButton+WebCache.m */,
				BAE67BC8170B45AD00414AD5 /* UIImageView+WebCache.h */,
				BAE67BC9170B45AD00414AD5 /* UIImageView+WebCache.m */,
			);
			name = SDWebImage;
			path = Libs/SDWebImage;
			sourceTree = "<group>";
		};
		BAE67BD3170B70C200414AD5 /* NYXImagesKit */ = {
			isa = PBXGroup;
			children = (
				BAE67BD4170B70C300414AD5 /* Categories */,
				BAE67BE9170B70C300414AD5 /* Classes */,
				BAE67BEC170B70C300414AD5 /* Helper */,
			);
			name = NYXImagesKit;
			path = Libs/NYXImagesKit;
			sourceTree = "<group>";
		};
		BAE67BD4170B70C300414AD5 /* Categories */ = {
			isa = PBXGroup;
			children = (
				BAE67BD5170B70C300414AD5 /* UIImage+Blurring.h */,
				BAE67BD6170B70C300414AD5 /* UIImage+Blurring.m */,
				BAE67BD7170B70C300414AD5 /* UIImage+Enhancing.h */,
				BAE67BD8170B70C300414AD5 /* UIImage+Enhancing.m */,
				BAE67BD9170B70C300414AD5 /* UIImage+Filtering.h */,
				BAE67BDA170B70C300414AD5 /* UIImage+Filtering.m */,
				BAE67BDB170B70C300414AD5 /* UIImage+Masking.h */,
				BAE67BDC170B70C300414AD5 /* UIImage+Masking.m */,
				BAE67BDD170B70C300414AD5 /* UIImage+Reflection.h */,
				BAE67BDE170B70C300414AD5 /* UIImage+Reflection.m */,
				BAE67BDF170B70C300414AD5 /* UIImage+Resizing.h */,
				BAE67BE0170B70C300414AD5 /* UIImage+Resizing.m */,
				BAE67BE1170B70C300414AD5 /* UIImage+Rotating.h */,
				BAE67BE2170B70C300414AD5 /* UIImage+Rotating.m */,
				BAE67BE3170B70C300414AD5 /* UIImage+Saving.h */,
				BAE67BE4170B70C300414AD5 /* UIImage+Saving.m */,
				BAE67BE5170B70C300414AD5 /* UIScrollView+Screenshot.h */,
				BAE67BE6170B70C300414AD5 /* UIScrollView+Screenshot.m */,
				BAE67BE7170B70C300414AD5 /* UIView+Screenshot.h */,
				BAE67BE8170B70C300414AD5 /* UIView+Screenshot.m */,
			);
			path = Categories;
			sourceTree = "<group>";
		};
		BAE67BE9170B70C300414AD5 /* Classes */ = {
			isa = PBXGroup;
			children = (
				BAE67BEA170B70C300414AD5 /* NYXProgressiveImageView.h */,
				BAE67BEB170B70C300414AD5 /* NYXProgressiveImageView.m */,
			);
			path = Classes;
			sourceTree = "<group>";
		};
		BAE67BEC170B70C300414AD5 /* Helper */ = {
			isa = PBXGroup;
			children = (
				BAE67BED170B70C300414AD5 /* NYXImagesHelper.h */,
				BAE67BEE170B70C300414AD5 /* NYXImagesHelper.m */,
				BAE67BEF170B70C300414AD5 /* NYXImagesKit.h */,
			);
			path = Helper;
			sourceTree = "<group>";
		};
		BAEFA66416E652C20044B36C /* Controller */ = {
			isa = PBXGroup;
			children = (
				BA73C94B16FE3138008284D8 /* AccountController.h */,
				BA73C94C16FE3138008284D8 /* AccountController.m */,
				BA73C94816FE1F23008284D8 /* ShoppingListController.h */,
				BA73C94916FE1F23008284D8 /* ShoppingListController.m */,
				BA73C94516FE1469008284D8 /* MainController.h */,
				BA73C94616FE1469008284D8 /* MainController.m */,
				BA6CEC991702297D00EDFC24 /* RegisterController.h */,
				BA6CEC9A1702297D00EDFC24 /* RegisterController.m */,
				BA829BEB17049B0400B0341A /* LoginController.h */,
				BA829BEC17049B0500B0341A /* LoginController.m */,
				BA6069AE1708E4BF0060C251 /* DebugOptionController.h */,
				BA6069AF1708E4C00060C251 /* DebugOptionController.m */,
			);
			name = Controller;
			sourceTree = "<group>";
		};
/* End PBXGroup section */

/* Begin PBXNativeTarget section */
		BA0DC16616D4C3A500E4CED9 /* HellCook */ = {
			isa = PBXNativeTarget;
			buildConfigurationList = BA0DC18416D4C3A500E4CED9 /* Build configuration list for PBXNativeTarget "HellCook" */;
			buildPhases = (
				BA0DC16316D4C3A500E4CED9 /* Sources */,
				BA0DC16416D4C3A500E4CED9 /* Frameworks */,
				BA0DC16516D4C3A500E4CED9 /* Resources */,
			);
			buildRules = (
			);
			dependencies = (
			);
			name = HellCook;
			productName = HellCook;
			productReference = BA0DC16716D4C3A500E4CED9 /* HellCook.app */;
			productType = "com.apple.product-type.application";
		};
/* End PBXNativeTarget section */

/* Begin PBXProject section */
		BA0DC15F16D4C3A500E4CED9 /* Project object */ = {
			isa = PBXProject;
			attributes = {
				LastUpgradeCheck = 0460;
				ORGANIZATIONNAME = panda;
			};
			buildConfigurationList = BA0DC16216D4C3A500E4CED9 /* Build configuration list for PBXProject "HellCook" */;
			compatibilityVersion = "Xcode 3.2";
			developmentRegion = English;
			hasScannedForEncodings = 0;
			knownRegions = (
				en,
			);
			mainGroup = BA0DC15E16D4C3A500E4CED9;
			productRefGroup = BA0DC16816D4C3A500E4CED9 /* Products */;
			projectDirPath = "";
			projectRoot = "";
			targets = (
				BA0DC16616D4C3A500E4CED9 /* HellCook */,
			);
		};
/* End PBXProject section */

/* Begin PBXResourcesBuildPhase section */
		BA0DC16516D4C3A500E4CED9 /* Resources */ = {
			isa = PBXResourcesBuildPhase;
			buildActionMask = 2147483647;
			files = (
				BA0DC17516D4C3A500E4CED9 /* InfoPlist.strings in Resources */,
				BA0DC17D16D4C3A500E4CED9 /* Default.png in Resources */,
				BA0DC17F16D4C3A500E4CED9 /* Default@2x.png in Resources */,
				BA0DC18116D4C3A500E4CED9 /* Default-568h@2x.png in Resources */,
				BACCF83616ECFC420094F1E5 /* .gitignore in Resources */,
				BA3F5E6716FA297800493260 /* Images in Resources */,
				BA73C95516FE37D9008284D8 /* AccountView.xib in Resources */,
				BA28C7DD16FF65AE006AAC38 /* ShoppingListView.xib in Resources */,
				BA6CEC9F170229A100EDFC24 /* RegisterView.xib in Resources */,
				BA829BE51704880100B0341A /* MainView.xib in Resources */,
				BA829BEA1704995300B0341A /* LoginView.xib in Resources */,
				BA6069AD1708E3DA0060C251 /* DebugOption.xib in Resources */,
			);
			runOnlyForDeploymentPostprocessing = 0;
		};
/* End PBXResourcesBuildPhase section */

/* Begin PBXSourcesBuildPhase section */
		BA0DC16316D4C3A500E4CED9 /* Sources */ = {
			isa = PBXSourcesBuildPhase;
			buildActionMask = 2147483647;
			files = (
				BA0DC17716D4C3A500E4CED9 /* main.m in Sources */,
				BA02634516D7579700298803 /* AppDelegate.m in Sources */,
				BA02634916D759CB00298803 /* PPRevealSideViewController.m in Sources */,
				BA02635216D75E4F00298803 /* Common.m in Sources */,
				BACCF83716ECFC420094F1E5 /* FMDatabase.m in Sources */,
				BACCF83816ECFC420094F1E5 /* FMDatabaseAdditions.m in Sources */,
				BACCF83916ECFC420094F1E5 /* FMDatabasePool.m in Sources */,
				BACCF83A16ECFC420094F1E5 /* FMDatabaseQueue.m in Sources */,
				BACCF83B16ECFC420094F1E5 /* FMResultSet.m in Sources */,
				BACCF88216ED0BD60094F1E5 /* NSData+MKBase64.m in Sources */,
				BACCF88316ED0BD60094F1E5 /* NSDate+RFC1123.m in Sources */,
				BACCF88416ED0BD60094F1E5 /* NSDictionary+RequestEncoding.m in Sources */,
				BACCF88516ED0BD60094F1E5 /* NSString+MKNetworkKitAdditions.m in Sources */,
				BACCF88616ED0BD60094F1E5 /* UIAlertView+MKNetworkKitAdditions.m in Sources */,
				BACCF88716ED0BD60094F1E5 /* UIImageView+MKNetworkKitAdditions.m in Sources */,
				BACCF88816ED0BD60094F1E5 /* MKNetworkEngine.m in Sources */,
				BACCF88916ED0BD60094F1E5 /* MKNetworkOperation.m in Sources */,
				BACCF88A16ED0BD60094F1E5 /* Reachability.m in Sources */,
				BA05128616FA14C10091D3C6 /* UIImage+Retina4.m in Sources */,
				BA73C94716FE1469008284D8 /* MainController.m in Sources */,
				BA73C94A16FE1F23008284D8 /* ShoppingListController.m in Sources */,
				BA73C94D16FE3138008284D8 /* AccountController.m in Sources */,
				BA6CEC9C1702297D00EDFC24 /* RegisterController.m in Sources */,
				BA829BE817048E8600B0341A /* UINavigationController+Autorotate.m in Sources */,
				BA829BED17049B0700B0341A /* LoginController.m in Sources */,
				BA829BF017049DE400B0341A /* DefaultGroupedTableCell.m in Sources */,
				BA829BF317055CD400B0341A /* RegisterAvatarView.m in Sources */,
				BA829BF717057FCB00B0341A /* KeyboardHandler.m in Sources */,
				BA829BFA1705877800B0341A /* UIView+FindFirstResponder.m in Sources */,
				BA6F2C151705A52200B2C7C7 /* UserAccount.m in Sources */,
				BA6F2C1D1705DC9B00B2C7C7 /* AccountEngine.m in Sources */,
				BA6F2C201705DE9600B2C7C7 /* NetManager.m in Sources */,
				BABE0A14170627560056BF9D /* MBProgressHUD.m in Sources */,
				BA6069921707D0430060C251 /* AccountTableViewCell.m in Sources */,
				BA6069951707D5ED0060C251 /* AccountTableViewGridCell.m in Sources */,
				BA60699E17080F340060C251 /* UserCollection.m in Sources */,
				BA6069A1170810C80060C251 /* User.m in Sources */,
				BA6069B01708E4C10060C251 /* DebugOptionController.m in Sources */,
				BA6069B41709EEAF0060C251 /* DBHandler.m in Sources */,
				BA6069D8170AF1BD0060C251 /* ConfigHandler.m in Sources */,
				BAE67BB1170B439E00414AD5 /* UIImage+Alpha.m in Sources */,
				BAE67BB2170B439E00414AD5 /* UIImage+Resize.m in Sources */,
				BAE67BB3170B439E00414AD5 /* UIImage+RoundedCorner.m in Sources */,
				BAE67BB4170B439E00414AD5 /* UIImage+Scaling.m in Sources */,
				BAE67BCA170B45AD00414AD5 /* MKAnnotationView+WebCache.m in Sources */,
				BAE67BCB170B45AD00414AD5 /* SDImageCache.m in Sources */,
				BAE67BCC170B45AD00414AD5 /* SDWebImageDecoder.m in Sources */,
				BAE67BCD170B45AD00414AD5 /* SDWebImageDownloader.m in Sources */,
				BAE67BCE170B45AD00414AD5 /* SDWebImageManager.m in Sources */,
				BAE67BCF170B45AD00414AD5 /* SDWebImagePrefetcher.m in Sources */,
				BAE67BD0170B45AD00414AD5 /* UIButton+WebCache.m in Sources */,
				BAE67BD1170B45AD00414AD5 /* UIImageView+WebCache.m in Sources */,
				BAE67BF0170B70C300414AD5 /* UIImage+Blurring.m in Sources */,
				BAE67BF1170B70C300414AD5 /* UIImage+Enhancing.m in Sources */,
				BAE67BF2170B70C300414AD5 /* UIImage+Filtering.m in Sources */,
				BAE67BF3170B70C300414AD5 /* UIImage+Masking.m in Sources */,
				BAE67BF4170B70C300414AD5 /* UIImage+Reflection.m in Sources */,
				BAE67BF5170B70C300414AD5 /* UIImage+Resizing.m in Sources */,
				BAE67BF6170B70C300414AD5 /* UIImage+Rotating.m in Sources */,
				BAE67BF7170B70C300414AD5 /* UIImage+Saving.m in Sources */,
				BAE67BF8170B70C300414AD5 /* UIScrollView+Screenshot.m in Sources */,
				BAE67BF9170B70C300414AD5 /* UIView+Screenshot.m in Sources */,
				BAE67BFA170B70C300414AD5 /* NYXProgressiveImageView.m in Sources */,
				BAE67BFB170B70C300414AD5 /* NYXImagesHelper.m in Sources */,
				BA50F3541710413D00E3B6CE /* SearchBarView.m in Sources */,
				BA79118C1710706F00BC77C9 /* MainTopTableViewCell.m in Sources */,
				BA79118F1710786500BC77C9 /* Recipe.m in Sources */,
				BA7911921710896800BC77C9 /* MainCatTableViewCell.m in Sources */,
				BA8B4A9C171DC0E100A83BBA /* RecipeEngine.m in Sources */,
			);
			runOnlyForDeploymentPostprocessing = 0;
		};
/* End PBXSourcesBuildPhase section */

/* Begin PBXVariantGroup section */
		BA0DC17316D4C3A500E4CED9 /* InfoPlist.strings */ = {
			isa = PBXVariantGroup;
			children = (
				BA0DC17416D4C3A500E4CED9 /* en */,
			);
			name = InfoPlist.strings;
			sourceTree = "<group>";
		};
/* End PBXVariantGroup section */

/* Begin XCBuildConfiguration section */
		BA0DC18216D4C3A500E4CED9 /* Debug */ = {
			isa = XCBuildConfiguration;
			buildSettings = {
				ALWAYS_SEARCH_USER_PATHS = NO;
				CLANG_CXX_LANGUAGE_STANDARD = "gnu++0x";
				CLANG_CXX_LIBRARY = "libc++";
				CLANG_WARN_CONSTANT_CONVERSION = YES;
				CLANG_WARN_EMPTY_BODY = YES;
				CLANG_WARN_ENUM_CONVERSION = YES;
				CLANG_WARN_INT_CONVERSION = YES;
				CLANG_WARN__DUPLICATE_METHOD_MATCH = YES;
				"CODE_SIGN_IDENTITY[sdk=iphoneos*]" = "iPhone Developer";
				COPY_PHASE_STRIP = NO;
				GCC_C_LANGUAGE_STANDARD = gnu99;
				GCC_DYNAMIC_NO_PIC = NO;
				GCC_OPTIMIZATION_LEVEL = 0;
				GCC_PREPROCESSOR_DEFINITIONS = (
					"DEBUG=1",
					"$(inherited)",
				);
				GCC_SYMBOLS_PRIVATE_EXTERN = NO;
				GCC_WARN_ABOUT_RETURN_TYPE = YES;
				GCC_WARN_UNINITIALIZED_AUTOS = YES;
				GCC_WARN_UNUSED_VARIABLE = YES;
				IPHONEOS_DEPLOYMENT_TARGET = 6.1;
				ONLY_ACTIVE_ARCH = YES;
				SDKROOT = iphoneos;
				TARGETED_DEVICE_FAMILY = "1,2";
			};
			name = Debug;
		};
		BA0DC18316D4C3A500E4CED9 /* Release */ = {
			isa = XCBuildConfiguration;
			buildSettings = {
				ALWAYS_SEARCH_USER_PATHS = NO;
				CLANG_CXX_LANGUAGE_STANDARD = "gnu++0x";
				CLANG_CXX_LIBRARY = "libc++";
				CLANG_WARN_CONSTANT_CONVERSION = YES;
				CLANG_WARN_EMPTY_BODY = YES;
				CLANG_WARN_ENUM_CONVERSION = YES;
				CLANG_WARN_INT_CONVERSION = YES;
				CLANG_WARN__DUPLICATE_METHOD_MATCH = YES;
				"CODE_SIGN_IDENTITY[sdk=iphoneos*]" = "iPhone Developer";
				COPY_PHASE_STRIP = YES;
				GCC_C_LANGUAGE_STANDARD = gnu99;
				GCC_WARN_ABOUT_RETURN_TYPE = YES;
				GCC_WARN_UNINITIALIZED_AUTOS = YES;
				GCC_WARN_UNUSED_VARIABLE = YES;
				IPHONEOS_DEPLOYMENT_TARGET = 6.1;
				OTHER_CFLAGS = "-DNS_BLOCK_ASSERTIONS=1";
				SDKROOT = iphoneos;
				TARGETED_DEVICE_FAMILY = "1,2";
				VALIDATE_PRODUCT = YES;
			};
			name = Release;
		};
		BA0DC18516D4C3A500E4CED9 /* Debug */ = {
			isa = XCBuildConfiguration;
			buildSettings = {
				ALWAYS_SEARCH_USER_PATHS = YES;
				CLANG_ENABLE_OBJC_ARC = YES;
				CODE_SIGN_IDENTITY = "iPhone Developer: Liang Fan (3T4XTKEX83)";
				FRAMEWORK_SEARCH_PATHS = "\"$(SRCROOT)/HellCook/Libs/NYXImagesKit\"";
				GCC_PRECOMPILE_PREFIX_HEADER = YES;
				GCC_PREFIX_HEADER = "HellCook/HellCook-Prefix.pch";
				HEADER_SEARCH_PATHS = /usr/include/libxml2;
				INFOPLIST_FILE = "HellCook/HellCook-Info.plist";
				LIBRARY_SEARCH_PATHS = (
					"$(inherited)",
					"\"$(SRCROOT)/HellCook/Libs/NYXImagesKit\"/**",
				);
				PRODUCT_NAME = "$(TARGET_NAME)";
				PROVISIONING_PROFILE = "0EDC141D-AE92-459C-96E6-952F96A97767";
				USER_HEADER_SEARCH_PATHS = "";
				WRAPPER_EXTENSION = app;
			};
			name = Debug;
		};
		BA0DC18616D4C3A500E4CED9 /* Release */ = {
			isa = XCBuildConfiguration;
			buildSettings = {
				ALWAYS_SEARCH_USER_PATHS = YES;
				CLANG_ENABLE_OBJC_ARC = YES;
				CODE_SIGN_IDENTITY = "iPhone Developer: Liang Fan (3T4XTKEX83)";
				FRAMEWORK_SEARCH_PATHS = "\"$(SRCROOT)/HellCook/Libs/NYXImagesKit\"";
				GCC_PRECOMPILE_PREFIX_HEADER = YES;
				GCC_PREFIX_HEADER = "HellCook/HellCook-Prefix.pch";
				HEADER_SEARCH_PATHS = /usr/include/libxml2;
				INFOPLIST_FILE = "HellCook/HellCook-Info.plist";
				LIBRARY_SEARCH_PATHS = (
					"$(inherited)",
					"\"$(SRCROOT)/HellCook/Libs/NYXImagesKit\"/**",
				);
				PRODUCT_NAME = "$(TARGET_NAME)";
				PROVISIONING_PROFILE = "0EDC141D-AE92-459C-96E6-952F96A97767";
				USER_HEADER_SEARCH_PATHS = "";
				WRAPPER_EXTENSION = app;
			};
			name = Release;
		};
/* End XCBuildConfiguration section */

/* Begin XCConfigurationList section */
		BA0DC16216D4C3A500E4CED9 /* Build configuration list for PBXProject "HellCook" */ = {
			isa = XCConfigurationList;
			buildConfigurations = (
				BA0DC18216D4C3A500E4CED9 /* Debug */,
				BA0DC18316D4C3A500E4CED9 /* Release */,
			);
			defaultConfigurationIsVisible = 0;
			defaultConfigurationName = Release;
		};
		BA0DC18416D4C3A500E4CED9 /* Build configuration list for PBXNativeTarget "HellCook" */ = {
			isa = XCConfigurationList;
			buildConfigurations = (
				BA0DC18516D4C3A500E4CED9 /* Debug */,
				BA0DC18616D4C3A500E4CED9 /* Release */,
			);
			defaultConfigurationIsVisible = 0;
			defaultConfigurationName = Release;
		};
/* End XCConfigurationList section */
	};
	rootObject = BA0DC15F16D4C3A500E4CED9 /* Project object */;
}
