// !$*UTF8*$!
{
	archiveVersion = 1;
	classes = {
	};
	objectVersion = 46;
	objects = {

/* Begin PBXBuildFile section */
		BA02634516D7579700298803 /* AppDelegate.m in Sources */ = {isa = PBXBuildFile; fileRef = BA02634416D7579700298803 /* AppDelegate.m */; };
		BA02634916D759CB00298803 /* PPRevealSideViewController.m in Sources */ = {isa = PBXBuildFile; fileRef = BA02634816D759CB00298803 /* PPRevealSideViewController.m */; };
		BA02635216D75E4F00298803 /* Common.m in Sources */ = {isa = PBXBuildFile; fileRef = BA02635116D75E4F00298803 /* Common.m */; };
		BA05128616FA14C10091D3C6 /* UIImage+Retina4.m in Sources */ = {isa = PBXBuildFile; fileRef = BA05128516FA14C10091D3C6 /* UIImage+Retina4.m */; };
		BA0DC16B16D4C3A500E4CED9 /* UIKit.framework in Frameworks */ = {isa = PBXBuildFile; fileRef = BA0DC16A16D4C3A500E4CED9 /* UIKit.framework */; };
		BA0DC16D16D4C3A500E4CED9 /* Foundation.framework in Frameworks */ = {isa = PBXBuildFile; fileRef = BA0DC16C16D4C3A500E4CED9 /* Foundation.framework */; };
		BA0DC16F16D4C3A500E4CED9 /* CoreGraphics.framework in Frameworks */ = {isa = PBXBuildFile; fileRef = BA0DC16E16D4C3A500E4CED9 /* CoreGraphics.framework */; };
		BA0DC17516D4C3A500E4CED9 /* InfoPlist.strings in Resources */ = {isa = PBXBuildFile; fileRef = BA0DC17316D4C3A500E4CED9 /* InfoPlist.strings */; };
		BA0DC17716D4C3A500E4CED9 /* main.m in Sources */ = {isa = PBXBuildFile; fileRef = BA0DC17616D4C3A500E4CED9 /* main.m */; };
		BA0DC17D16D4C3A500E4CED9 /* Default.png in Resources */ = {isa = PBXBuildFile; fileRef = BA0DC17C16D4C3A500E4CED9 /* Default.png */; };
		BA0DC17F16D4C3A500E4CED9 /* Default@2x.png in Resources */ = {isa = PBXBuildFile; fileRef = BA0DC17E16D4C3A500E4CED9 /* Default@2x.png */; };
		BA0DC18116D4C3A500E4CED9 /* Default-568h@2x.png in Resources */ = {isa = PBXBuildFile; fileRef = BA0DC18016D4C3A500E4CED9 /* Default-568h@2x.png */; };
		BA3F5E5616FA284E00493260 /* libNYXImagesKit.a in Frameworks */ = {isa = PBXBuildFile; fileRef = BA3F5E5516FA284E00493260 /* libNYXImagesKit.a */; };
		BA3F5E6116FA295B00493260 /* CoreImage.framework in Frameworks */ = {isa = PBXBuildFile; fileRef = BA3F5E5F16FA290200493260 /* CoreImage.framework */; };
		BA3F5E6216FA295B00493260 /* QuartzCore.framework in Frameworks */ = {isa = PBXBuildFile; fileRef = BA3F5E5D16FA28F800493260 /* QuartzCore.framework */; };
		BA3F5E6316FA295B00493260 /* ImageIO.framework in Frameworks */ = {isa = PBXBuildFile; fileRef = BA3F5E5B16FA28E200493260 /* ImageIO.framework */; };
		BA3F5E6416FA295B00493260 /* AssetsLibrary.framework in Frameworks */ = {isa = PBXBuildFile; fileRef = BA3F5E5916FA28DA00493260 /* AssetsLibrary.framework */; };
		BA3F5E6516FA295B00493260 /* Accelerate.framework in Frameworks */ = {isa = PBXBuildFile; fileRef = BA3F5E5716FA28D000493260 /* Accelerate.framework */; };
		BA3F5E6716FA297800493260 /* Images in Resources */ = {isa = PBXBuildFile; fileRef = BA3F5E6616FA297800493260 /* Images */; };
		BA73C94716FE1469008284D8 /* TopHotController.m in Sources */ = {isa = PBXBuildFile; fileRef = BA73C94616FE1469008284D8 /* TopHotController.m */; };
		BA73C94A16FE1F23008284D8 /* ShoppingListController.m in Sources */ = {isa = PBXBuildFile; fileRef = BA73C94916FE1F23008284D8 /* ShoppingListController.m */; };
		BA73C94D16FE3138008284D8 /* AccountController.m in Sources */ = {isa = PBXBuildFile; fileRef = BA73C94C16FE3138008284D8 /* AccountController.m */; };
		BACCF83616ECFC420094F1E5 /* .gitignore in Resources */ = {isa = PBXBuildFile; fileRef = BACCF82B16ECFC420094F1E5 /* .gitignore */; };
		BACCF83716ECFC420094F1E5 /* FMDatabase.m in Sources */ = {isa = PBXBuildFile; fileRef = BACCF82D16ECFC420094F1E5 /* FMDatabase.m */; };
		BACCF83816ECFC420094F1E5 /* FMDatabaseAdditions.m in Sources */ = {isa = PBXBuildFile; fileRef = BACCF82F16ECFC420094F1E5 /* FMDatabaseAdditions.m */; };
		BACCF83916ECFC420094F1E5 /* FMDatabasePool.m in Sources */ = {isa = PBXBuildFile; fileRef = BACCF83116ECFC420094F1E5 /* FMDatabasePool.m */; };
		BACCF83A16ECFC420094F1E5 /* FMDatabaseQueue.m in Sources */ = {isa = PBXBuildFile; fileRef = BACCF83316ECFC420094F1E5 /* FMDatabaseQueue.m */; };
		BACCF83B16ECFC420094F1E5 /* FMResultSet.m in Sources */ = {isa = PBXBuildFile; fileRef = BACCF83516ECFC420094F1E5 /* FMResultSet.m */; };
		BACCF86016ECFF310094F1E5 /* CFNetwork.framework in Frameworks */ = {isa = PBXBuildFile; fileRef = BACCF85F16ECFF310094F1E5 /* CFNetwork.framework */; };
		BACCF86216ECFF3C0094F1E5 /* SystemConfiguration.framework in Frameworks */ = {isa = PBXBuildFile; fileRef = BACCF86116ECFF3C0094F1E5 /* SystemConfiguration.framework */; };
		BACCF86416ECFF440094F1E5 /* MobileCoreServices.framework in Frameworks */ = {isa = PBXBuildFile; fileRef = BACCF86316ECFF440094F1E5 /* MobileCoreServices.framework */; };
		BACCF86616ECFF780094F1E5 /* libz.dylib in Frameworks */ = {isa = PBXBuildFile; fileRef = BACCF86516ECFF780094F1E5 /* libz.dylib */; };
		BACCF86816ECFFFA0094F1E5 /* libxml2.dylib in Frameworks */ = {isa = PBXBuildFile; fileRef = BACCF86716ECFFFA0094F1E5 /* libxml2.dylib */; };
		BACCF88216ED0BD60094F1E5 /* NSData+MKBase64.m in Sources */ = {isa = PBXBuildFile; fileRef = BACCF86E16ED0BD60094F1E5 /* NSData+MKBase64.m */; };
		BACCF88316ED0BD60094F1E5 /* NSDate+RFC1123.m in Sources */ = {isa = PBXBuildFile; fileRef = BACCF87016ED0BD60094F1E5 /* NSDate+RFC1123.m */; };
		BACCF88416ED0BD60094F1E5 /* NSDictionary+RequestEncoding.m in Sources */ = {isa = PBXBuildFile; fileRef = BACCF87216ED0BD60094F1E5 /* NSDictionary+RequestEncoding.m */; };
		BACCF88516ED0BD60094F1E5 /* NSString+MKNetworkKitAdditions.m in Sources */ = {isa = PBXBuildFile; fileRef = BACCF87416ED0BD60094F1E5 /* NSString+MKNetworkKitAdditions.m */; };
		BACCF88616ED0BD60094F1E5 /* UIAlertView+MKNetworkKitAdditions.m in Sources */ = {isa = PBXBuildFile; fileRef = BACCF87616ED0BD60094F1E5 /* UIAlertView+MKNetworkKitAdditions.m */; };
		BACCF88716ED0BD60094F1E5 /* UIImageView+MKNetworkKitAdditions.m in Sources */ = {isa = PBXBuildFile; fileRef = BACCF87816ED0BD60094F1E5 /* UIImageView+MKNetworkKitAdditions.m */; };
		BACCF88816ED0BD60094F1E5 /* MKNetworkEngine.m in Sources */ = {isa = PBXBuildFile; fileRef = BACCF87A16ED0BD60094F1E5 /* MKNetworkEngine.m */; };
		BACCF88916ED0BD60094F1E5 /* MKNetworkOperation.m in Sources */ = {isa = PBXBuildFile; fileRef = BACCF87D16ED0BD60094F1E5 /* MKNetworkOperation.m */; };
		BACCF88A16ED0BD60094F1E5 /* Reachability.m in Sources */ = {isa = PBXBuildFile; fileRef = BACCF88016ED0BD60094F1E5 /* Reachability.m */; };
		BACCF88C16ED0C2C0094F1E5 /* Security.framework in Frameworks */ = {isa = PBXBuildFile; fileRef = BACCF88B16ED0C2C0094F1E5 /* Security.framework */; };
		BACCF88E16ED0CFB0094F1E5 /* libiconv.dylib in Frameworks */ = {isa = PBXBuildFile; fileRef = BACCF88D16ED0CFB0094F1E5 /* libiconv.dylib */; };
		BACCF89016ED0D090094F1E5 /* libsqlite3.0.dylib in Frameworks */ = {isa = PBXBuildFile; fileRef = BACCF88F16ED0D090094F1E5 /* libsqlite3.0.dylib */; };
		BACCF89616ED0D630094F1E5 /* libicucore.dylib in Frameworks */ = {isa = PBXBuildFile; fileRef = BACCF89516ED0D630094F1E5 /* libicucore.dylib */; };
/* End PBXBuildFile section */

/* Begin PBXFileReference section */
		BA02634316D7579700298803 /* AppDelegate.h */ = {isa = PBXFileReference; fileEncoding = 4; lastKnownFileType = sourcecode.c.h; name = AppDelegate.h; path = Classes/AppDelegate.h; sourceTree = "<group>"; };
		BA02634416D7579700298803 /* AppDelegate.m */ = {isa = PBXFileReference; fileEncoding = 4; lastKnownFileType = sourcecode.c.objc; name = AppDelegate.m; path = Classes/AppDelegate.m; sourceTree = "<group>"; };
		BA02634716D759CB00298803 /* PPRevealSideViewController.h */ = {isa = PBXFileReference; fileEncoding = 4; lastKnownFileType = sourcecode.c.h; path = PPRevealSideViewController.h; sourceTree = "<group>"; };
		BA02634816D759CB00298803 /* PPRevealSideViewController.m */ = {isa = PBXFileReference; fileEncoding = 4; lastKnownFileType = sourcecode.c.objc; path = PPRevealSideViewController.m; sourceTree = "<group>"; };
		BA02635016D75E4F00298803 /* Common.h */ = {isa = PBXFileReference; fileEncoding = 4; lastKnownFileType = sourcecode.c.h; name = Common.h; path = Classes/Common/Common.h; sourceTree = "<group>"; };
		BA02635116D75E4F00298803 /* Common.m */ = {isa = PBXFileReference; fileEncoding = 4; lastKnownFileType = sourcecode.c.objc; name = Common.m; path = Classes/Common/Common.m; sourceTree = "<group>"; };
		BA05128416FA14C10091D3C6 /* UIImage+Retina4.h */ = {isa = PBXFileReference; fileEncoding = 4; lastKnownFileType = sourcecode.c.h; name = "UIImage+Retina4.h"; path = "Classes/Common/UIImage+Retina4.h"; sourceTree = "<group>"; };
		BA05128516FA14C10091D3C6 /* UIImage+Retina4.m */ = {isa = PBXFileReference; fileEncoding = 4; lastKnownFileType = sourcecode.c.objc; name = "UIImage+Retina4.m"; path = "Classes/Common/UIImage+Retina4.m"; sourceTree = "<group>"; };
		BA0DC16716D4C3A500E4CED9 /* HellCook.app */ = {isa = PBXFileReference; explicitFileType = wrapper.application; includeInIndex = 0; path = HellCook.app; sourceTree = BUILT_PRODUCTS_DIR; };
		BA0DC16A16D4C3A500E4CED9 /* UIKit.framework */ = {isa = PBXFileReference; lastKnownFileType = wrapper.framework; name = UIKit.framework; path = System/Library/Frameworks/UIKit.framework; sourceTree = SDKROOT; };
		BA0DC16C16D4C3A500E4CED9 /* Foundation.framework */ = {isa = PBXFileReference; lastKnownFileType = wrapper.framework; name = Foundation.framework; path = System/Library/Frameworks/Foundation.framework; sourceTree = SDKROOT; };
		BA0DC16E16D4C3A500E4CED9 /* CoreGraphics.framework */ = {isa = PBXFileReference; lastKnownFileType = wrapper.framework; name = CoreGraphics.framework; path = System/Library/Frameworks/CoreGraphics.framework; sourceTree = SDKROOT; };
		BA0DC17216D4C3A500E4CED9 /* HellCook-Info.plist */ = {isa = PBXFileReference; lastKnownFileType = text.plist.xml; path = "HellCook-Info.plist"; sourceTree = "<group>"; };
		BA0DC17416D4C3A500E4CED9 /* en */ = {isa = PBXFileReference; lastKnownFileType = text.plist.strings; name = en; path = en.lproj/InfoPlist.strings; sourceTree = "<group>"; };
		BA0DC17616D4C3A500E4CED9 /* main.m */ = {isa = PBXFileReference; lastKnownFileType = sourcecode.c.objc; path = main.m; sourceTree = "<group>"; };
		BA0DC17816D4C3A500E4CED9 /* HellCook-Prefix.pch */ = {isa = PBXFileReference; lastKnownFileType = sourcecode.c.h; path = "HellCook-Prefix.pch"; sourceTree = "<group>"; };
		BA0DC17C16D4C3A500E4CED9 /* Default.png */ = {isa = PBXFileReference; lastKnownFileType = image.png; path = Default.png; sourceTree = "<group>"; };
		BA0DC17E16D4C3A500E4CED9 /* Default@2x.png */ = {isa = PBXFileReference; lastKnownFileType = image.png; path = "Default@2x.png"; sourceTree = "<group>"; };
		BA0DC18016D4C3A500E4CED9 /* Default-568h@2x.png */ = {isa = PBXFileReference; lastKnownFileType = image.png; path = "Default-568h@2x.png"; sourceTree = "<group>"; };
		BA3F5E5516FA284E00493260 /* libNYXImagesKit.a */ = {isa = PBXFileReference; lastKnownFileType = archive.ar; name = libNYXImagesKit.a; path = HellCook/Libs/NYXImagesKit/libNYXImagesKit.a; sourceTree = "<group>"; };
		BA3F5E5716FA28D000493260 /* Accelerate.framework */ = {isa = PBXFileReference; lastKnownFileType = wrapper.framework; name = Accelerate.framework; path = System/Library/Frameworks/Accelerate.framework; sourceTree = SDKROOT; };
		BA3F5E5916FA28DA00493260 /* AssetsLibrary.framework */ = {isa = PBXFileReference; lastKnownFileType = wrapper.framework; name = AssetsLibrary.framework; path = System/Library/Frameworks/AssetsLibrary.framework; sourceTree = SDKROOT; };
		BA3F5E5B16FA28E200493260 /* ImageIO.framework */ = {isa = PBXFileReference; lastKnownFileType = wrapper.framework; name = ImageIO.framework; path = System/Library/Frameworks/ImageIO.framework; sourceTree = SDKROOT; };
		BA3F5E5D16FA28F800493260 /* QuartzCore.framework */ = {isa = PBXFileReference; lastKnownFileType = wrapper.framework; name = QuartzCore.framework; path = System/Library/Frameworks/QuartzCore.framework; sourceTree = SDKROOT; };
		BA3F5E5F16FA290200493260 /* CoreImage.framework */ = {isa = PBXFileReference; lastKnownFileType = wrapper.framework; name = CoreImage.framework; path = System/Library/Frameworks/CoreImage.framework; sourceTree = SDKROOT; };
		BA3F5E6616FA297800493260 /* Images */ = {isa = PBXFileReference; lastKnownFileType = folder; name = Images; path = Resources/Images; sourceTree = "<group>"; };
		BA73C94516FE1469008284D8 /* TopHotController.h */ = {isa = PBXFileReference; fileEncoding = 4; lastKnownFileType = sourcecode.c.h; name = TopHotController.h; path = Classes/Controllers/TopHotController.h; sourceTree = "<group>"; };
		BA73C94616FE1469008284D8 /* TopHotController.m */ = {isa = PBXFileReference; fileEncoding = 4; lastKnownFileType = sourcecode.c.objc; name = TopHotController.m; path = Classes/Controllers/TopHotController.m; sourceTree = "<group>"; };
		BA73C94816FE1F23008284D8 /* ShoppingListController.h */ = {isa = PBXFileReference; fileEncoding = 4; lastKnownFileType = sourcecode.c.h; name = ShoppingListController.h; path = Classes/Controllers/ShoppingListController.h; sourceTree = "<group>"; };
		BA73C94916FE1F23008284D8 /* ShoppingListController.m */ = {isa = PBXFileReference; fileEncoding = 4; lastKnownFileType = sourcecode.c.objc; name = ShoppingListController.m; path = Classes/Controllers/ShoppingListController.m; sourceTree = "<group>"; };
		BA73C94B16FE3138008284D8 /* AccountController.h */ = {isa = PBXFileReference; fileEncoding = 4; lastKnownFileType = sourcecode.c.h; name = AccountController.h; path = Classes/Controllers/AccountController.h; sourceTree = "<group>"; };
		BA73C94C16FE3138008284D8 /* AccountController.m */ = {isa = PBXFileReference; fileEncoding = 4; lastKnownFileType = sourcecode.c.objc; name = AccountController.m; path = Classes/Controllers/AccountController.m; sourceTree = "<group>"; };
		BACCF82B16ECFC420094F1E5 /* .gitignore */ = {isa = PBXFileReference; fileEncoding = 4; lastKnownFileType = text; path = .gitignore; sourceTree = "<group>"; };
		BACCF82C16ECFC420094F1E5 /* FMDatabase.h */ = {isa = PBXFileReference; fileEncoding = 4; lastKnownFileType = sourcecode.c.h; path = FMDatabase.h; sourceTree = "<group>"; };
		BACCF82D16ECFC420094F1E5 /* FMDatabase.m */ = {isa = PBXFileReference; fileEncoding = 4; lastKnownFileType = sourcecode.c.objc; path = FMDatabase.m; sourceTree = "<group>"; };
		BACCF82E16ECFC420094F1E5 /* FMDatabaseAdditions.h */ = {isa = PBXFileReference; fileEncoding = 4; lastKnownFileType = sourcecode.c.h; path = FMDatabaseAdditions.h; sourceTree = "<group>"; };
		BACCF82F16ECFC420094F1E5 /* FMDatabaseAdditions.m */ = {isa = PBXFileReference; fileEncoding = 4; lastKnownFileType = sourcecode.c.objc; path = FMDatabaseAdditions.m; sourceTree = "<group>"; };
		BACCF83016ECFC420094F1E5 /* FMDatabasePool.h */ = {isa = PBXFileReference; fileEncoding = 4; lastKnownFileType = sourcecode.c.h; path = FMDatabasePool.h; sourceTree = "<group>"; };
		BACCF83116ECFC420094F1E5 /* FMDatabasePool.m */ = {isa = PBXFileReference; fileEncoding = 4; lastKnownFileType = sourcecode.c.objc; path = FMDatabasePool.m; sourceTree = "<group>"; };
		BACCF83216ECFC420094F1E5 /* FMDatabaseQueue.h */ = {isa = PBXFileReference; fileEncoding = 4; lastKnownFileType = sourcecode.c.h; path = FMDatabaseQueue.h; sourceTree = "<group>"; };
		BACCF83316ECFC420094F1E5 /* FMDatabaseQueue.m */ = {isa = PBXFileReference; fileEncoding = 4; lastKnownFileType = sourcecode.c.objc; path = FMDatabaseQueue.m; sourceTree = "<group>"; };
		BACCF83416ECFC420094F1E5 /* FMResultSet.h */ = {isa = PBXFileReference; fileEncoding = 4; lastKnownFileType = sourcecode.c.h; path = FMResultSet.h; sourceTree = "<group>"; };
		BACCF83516ECFC420094F1E5 /* FMResultSet.m */ = {isa = PBXFileReference; fileEncoding = 4; lastKnownFileType = sourcecode.c.objc; path = FMResultSet.m; sourceTree = "<group>"; };
		BACCF84A16ECFC770094F1E5 /* NYXImagesHelper.h */ = {isa = PBXFileReference; fileEncoding = 4; lastKnownFileType = sourcecode.c.h; path = NYXImagesHelper.h; sourceTree = "<group>"; };
		BACCF84B16ECFC770094F1E5 /* NYXImagesKit.h */ = {isa = PBXFileReference; fileEncoding = 4; lastKnownFileType = sourcecode.c.h; path = NYXImagesKit.h; sourceTree = "<group>"; };
		BACCF84C16ECFC770094F1E5 /* NYXProgressiveImageView.h */ = {isa = PBXFileReference; fileEncoding = 4; lastKnownFileType = sourcecode.c.h; path = NYXProgressiveImageView.h; sourceTree = "<group>"; };
		BACCF84D16ECFC770094F1E5 /* UIImage+Blurring.h */ = {isa = PBXFileReference; fileEncoding = 4; lastKnownFileType = sourcecode.c.h; path = "UIImage+Blurring.h"; sourceTree = "<group>"; };
		BACCF84E16ECFC770094F1E5 /* UIImage+Enhancing.h */ = {isa = PBXFileReference; fileEncoding = 4; lastKnownFileType = sourcecode.c.h; path = "UIImage+Enhancing.h"; sourceTree = "<group>"; };
		BACCF84F16ECFC770094F1E5 /* UIImage+Filtering.h */ = {isa = PBXFileReference; fileEncoding = 4; lastKnownFileType = sourcecode.c.h; path = "UIImage+Filtering.h"; sourceTree = "<group>"; };
		BACCF85016ECFC770094F1E5 /* UIImage+Masking.h */ = {isa = PBXFileReference; fileEncoding = 4; lastKnownFileType = sourcecode.c.h; path = "UIImage+Masking.h"; sourceTree = "<group>"; };
		BACCF85116ECFC770094F1E5 /* UIImage+Reflection.h */ = {isa = PBXFileReference; fileEncoding = 4; lastKnownFileType = sourcecode.c.h; path = "UIImage+Reflection.h"; sourceTree = "<group>"; };
		BACCF85216ECFC770094F1E5 /* UIImage+Resizing.h */ = {isa = PBXFileReference; fileEncoding = 4; lastKnownFileType = sourcecode.c.h; path = "UIImage+Resizing.h"; sourceTree = "<group>"; };
		BACCF85316ECFC770094F1E5 /* UIImage+Rotating.h */ = {isa = PBXFileReference; fileEncoding = 4; lastKnownFileType = sourcecode.c.h; path = "UIImage+Rotating.h"; sourceTree = "<group>"; };
		BACCF85416ECFC770094F1E5 /* UIImage+Saving.h */ = {isa = PBXFileReference; fileEncoding = 4; lastKnownFileType = sourcecode.c.h; path = "UIImage+Saving.h"; sourceTree = "<group>"; };
		BACCF85F16ECFF310094F1E5 /* CFNetwork.framework */ = {isa = PBXFileReference; lastKnownFileType = wrapper.framework; name = CFNetwork.framework; path = System/Library/Frameworks/CFNetwork.framework; sourceTree = SDKROOT; };
		BACCF86116ECFF3C0094F1E5 /* SystemConfiguration.framework */ = {isa = PBXFileReference; lastKnownFileType = wrapper.framework; name = SystemConfiguration.framework; path = System/Library/Frameworks/SystemConfiguration.framework; sourceTree = SDKROOT; };
		BACCF86316ECFF440094F1E5 /* MobileCoreServices.framework */ = {isa = PBXFileReference; lastKnownFileType = wrapper.framework; name = MobileCoreServices.framework; path = System/Library/Frameworks/MobileCoreServices.framework; sourceTree = SDKROOT; };
		BACCF86516ECFF780094F1E5 /* libz.dylib */ = {isa = PBXFileReference; lastKnownFileType = "compiled.mach-o.dylib"; name = libz.dylib; path = usr/lib/libz.dylib; sourceTree = SDKROOT; };
		BACCF86716ECFFFA0094F1E5 /* libxml2.dylib */ = {isa = PBXFileReference; lastKnownFileType = "compiled.mach-o.dylib"; name = libxml2.dylib; path = usr/lib/libxml2.dylib; sourceTree = SDKROOT; };
		BACCF86D16ED0BD60094F1E5 /* NSData+MKBase64.h */ = {isa = PBXFileReference; fileEncoding = 4; lastKnownFileType = sourcecode.c.h; path = "NSData+MKBase64.h"; sourceTree = "<group>"; };
		BACCF86E16ED0BD60094F1E5 /* NSData+MKBase64.m */ = {isa = PBXFileReference; fileEncoding = 4; lastKnownFileType = sourcecode.c.objc; path = "NSData+MKBase64.m"; sourceTree = "<group>"; };
		BACCF86F16ED0BD60094F1E5 /* NSDate+RFC1123.h */ = {isa = PBXFileReference; fileEncoding = 4; lastKnownFileType = sourcecode.c.h; path = "NSDate+RFC1123.h"; sourceTree = "<group>"; };
		BACCF87016ED0BD60094F1E5 /* NSDate+RFC1123.m */ = {isa = PBXFileReference; fileEncoding = 4; lastKnownFileType = sourcecode.c.objc; path = "NSDate+RFC1123.m"; sourceTree = "<group>"; };
		BACCF87116ED0BD60094F1E5 /* NSDictionary+RequestEncoding.h */ = {isa = PBXFileReference; fileEncoding = 4; lastKnownFileType = sourcecode.c.h; path = "NSDictionary+RequestEncoding.h"; sourceTree = "<group>"; };
		BACCF87216ED0BD60094F1E5 /* NSDictionary+RequestEncoding.m */ = {isa = PBXFileReference; fileEncoding = 4; lastKnownFileType = sourcecode.c.objc; path = "NSDictionary+RequestEncoding.m"; sourceTree = "<group>"; };
		BACCF87316ED0BD60094F1E5 /* NSString+MKNetworkKitAdditions.h */ = {isa = PBXFileReference; fileEncoding = 4; lastKnownFileType = sourcecode.c.h; path = "NSString+MKNetworkKitAdditions.h"; sourceTree = "<group>"; };
		BACCF87416ED0BD60094F1E5 /* NSString+MKNetworkKitAdditions.m */ = {isa = PBXFileReference; fileEncoding = 4; lastKnownFileType = sourcecode.c.objc; path = "NSString+MKNetworkKitAdditions.m"; sourceTree = "<group>"; };
		BACCF87516ED0BD60094F1E5 /* UIAlertView+MKNetworkKitAdditions.h */ = {isa = PBXFileReference; fileEncoding = 4; lastKnownFileType = sourcecode.c.h; path = "UIAlertView+MKNetworkKitAdditions.h"; sourceTree = "<group>"; };
		BACCF87616ED0BD60094F1E5 /* UIAlertView+MKNetworkKitAdditions.m */ = {isa = PBXFileReference; fileEncoding = 4; lastKnownFileType = sourcecode.c.objc; path = "UIAlertView+MKNetworkKitAdditions.m"; sourceTree = "<group>"; };
		BACCF87716ED0BD60094F1E5 /* UIImageView+MKNetworkKitAdditions.h */ = {isa = PBXFileReference; fileEncoding = 4; lastKnownFileType = sourcecode.c.h; path = "UIImageView+MKNetworkKitAdditions.h"; sourceTree = "<group>"; };
		BACCF87816ED0BD60094F1E5 /* UIImageView+MKNetworkKitAdditions.m */ = {isa = PBXFileReference; fileEncoding = 4; lastKnownFileType = sourcecode.c.objc; path = "UIImageView+MKNetworkKitAdditions.m"; sourceTree = "<group>"; };
		BACCF87916ED0BD60094F1E5 /* MKNetworkEngine.h */ = {isa = PBXFileReference; fileEncoding = 4; lastKnownFileType = sourcecode.c.h; path = MKNetworkEngine.h; sourceTree = "<group>"; };
		BACCF87A16ED0BD60094F1E5 /* MKNetworkEngine.m */ = {isa = PBXFileReference; fileEncoding = 4; lastKnownFileType = sourcecode.c.objc; path = MKNetworkEngine.m; sourceTree = "<group>"; };
		BACCF87B16ED0BD60094F1E5 /* MKNetworkKit.h */ = {isa = PBXFileReference; fileEncoding = 4; lastKnownFileType = sourcecode.c.h; path = MKNetworkKit.h; sourceTree = "<group>"; };
		BACCF87C16ED0BD60094F1E5 /* MKNetworkOperation.h */ = {isa = PBXFileReference; fileEncoding = 4; lastKnownFileType = sourcecode.c.h; path = MKNetworkOperation.h; sourceTree = "<group>"; };
		BACCF87D16ED0BD60094F1E5 /* MKNetworkOperation.m */ = {isa = PBXFileReference; fileEncoding = 4; lastKnownFileType = sourcecode.c.objc; path = MKNetworkOperation.m; sourceTree = "<group>"; };
		BACCF87F16ED0BD60094F1E5 /* Reachability.h */ = {isa = PBXFileReference; fileEncoding = 4; lastKnownFileType = sourcecode.c.h; path = Reachability.h; sourceTree = "<group>"; };
		BACCF88016ED0BD60094F1E5 /* Reachability.m */ = {isa = PBXFileReference; fileEncoding = 4; lastKnownFileType = sourcecode.c.objc; path = Reachability.m; sourceTree = "<group>"; };
		BACCF88B16ED0C2C0094F1E5 /* Security.framework */ = {isa = PBXFileReference; lastKnownFileType = wrapper.framework; name = Security.framework; path = System/Library/Frameworks/Security.framework; sourceTree = SDKROOT; };
		BACCF88D16ED0CFB0094F1E5 /* libiconv.dylib */ = {isa = PBXFileReference; lastKnownFileType = "compiled.mach-o.dylib"; name = libiconv.dylib; path = usr/lib/libiconv.dylib; sourceTree = SDKROOT; };
		BACCF88F16ED0D090094F1E5 /* libsqlite3.0.dylib */ = {isa = PBXFileReference; lastKnownFileType = "compiled.mach-o.dylib"; name = libsqlite3.0.dylib; path = usr/lib/libsqlite3.0.dylib; sourceTree = SDKROOT; };
		BACCF89516ED0D630094F1E5 /* libicucore.dylib */ = {isa = PBXFileReference; lastKnownFileType = "compiled.mach-o.dylib"; name = libicucore.dylib; path = usr/lib/libicucore.dylib; sourceTree = SDKROOT; };
/* End PBXFileReference section */

/* Begin PBXFrameworksBuildPhase section */
		BA0DC16416D4C3A500E4CED9 /* Frameworks */ = {
			isa = PBXFrameworksBuildPhase;
			buildActionMask = 2147483647;
			files = (
				BA3F5E6116FA295B00493260 /* CoreImage.framework in Frameworks */,
				BA3F5E6216FA295B00493260 /* QuartzCore.framework in Frameworks */,
				BA3F5E6316FA295B00493260 /* ImageIO.framework in Frameworks */,
				BA3F5E6416FA295B00493260 /* AssetsLibrary.framework in Frameworks */,
				BA3F5E6516FA295B00493260 /* Accelerate.framework in Frameworks */,
				BACCF89616ED0D630094F1E5 /* libicucore.dylib in Frameworks */,
				BACCF89016ED0D090094F1E5 /* libsqlite3.0.dylib in Frameworks */,
				BACCF88E16ED0CFB0094F1E5 /* libiconv.dylib in Frameworks */,
				BACCF88C16ED0C2C0094F1E5 /* Security.framework in Frameworks */,
				BACCF86816ECFFFA0094F1E5 /* libxml2.dylib in Frameworks */,
				BACCF86616ECFF780094F1E5 /* libz.dylib in Frameworks */,
				BA0DC16F16D4C3A500E4CED9 /* CoreGraphics.framework in Frameworks */,
				BACCF86416ECFF440094F1E5 /* MobileCoreServices.framework in Frameworks */,
				BACCF86216ECFF3C0094F1E5 /* SystemConfiguration.framework in Frameworks */,
				BACCF86016ECFF310094F1E5 /* CFNetwork.framework in Frameworks */,
				BA0DC16B16D4C3A500E4CED9 /* UIKit.framework in Frameworks */,
				BA0DC16D16D4C3A500E4CED9 /* Foundation.framework in Frameworks */,
				BA3F5E5616FA284E00493260 /* libNYXImagesKit.a in Frameworks */,
			);
			runOnlyForDeploymentPostprocessing = 0;
		};
/* End PBXFrameworksBuildPhase section */

/* Begin PBXGroup section */
		BA02634016D756D500298803 /* Classes */ = {
			isa = PBXGroup;
			children = (
				BA02635316D75E5800298803 /* Common */,
				BAEFA66416E652C20044B36C /* Controllers */,
				BA02634316D7579700298803 /* AppDelegate.h */,
				BA02634416D7579700298803 /* AppDelegate.m */,
			);
			name = Classes;
			sourceTree = "<group>";
		};
		BA02634116D756EB00298803 /* Resoueces */ = {
			isa = PBXGroup;
			children = (
				BA3F5E6616FA297800493260 /* Images */,
			);
			name = Resoueces;
			sourceTree = "<group>";
		};
		BA02634216D7570400298803 /* Libs */ = {
			isa = PBXGroup;
			children = (
				BACCF86916ED0BD60094F1E5 /* MKNetworkKit */,
				BACCF84916ECFC770094F1E5 /* NYXImagesKit */,
				BACCF82A16ECFC420094F1E5 /* fmdb */,
				BA02634616D759CB00298803 /* PPRevealSideviewController */,
			);
			name = Libs;
			sourceTree = "<group>";
		};
		BA02634616D759CB00298803 /* PPRevealSideviewController */ = {
			isa = PBXGroup;
			children = (
				BA02634716D759CB00298803 /* PPRevealSideViewController.h */,
				BA02634816D759CB00298803 /* PPRevealSideViewController.m */,
			);
			name = PPRevealSideviewController;
			path = Libs/PPRevealSideviewController;
			sourceTree = "<group>";
		};
		BA02635316D75E5800298803 /* Common */ = {
			isa = PBXGroup;
			children = (
				BA02635016D75E4F00298803 /* Common.h */,
				BA02635116D75E4F00298803 /* Common.m */,
				BA05128416FA14C10091D3C6 /* UIImage+Retina4.h */,
				BA05128516FA14C10091D3C6 /* UIImage+Retina4.m */,
			);
			name = Common;
			sourceTree = "<group>";
		};
		BA0DC15E16D4C3A500E4CED9 = {
			isa = PBXGroup;
			children = (
				BA0DC17016D4C3A500E4CED9 /* HellCook */,
				BA0DC16916D4C3A500E4CED9 /* Frameworks */,
				BA0DC16816D4C3A500E4CED9 /* Products */,
			);
			sourceTree = "<group>";
		};
		BA0DC16816D4C3A500E4CED9 /* Products */ = {
			isa = PBXGroup;
			children = (
				BA0DC16716D4C3A500E4CED9 /* HellCook.app */,
			);
			name = Products;
			sourceTree = "<group>";
		};
		BA0DC16916D4C3A500E4CED9 /* Frameworks */ = {
			isa = PBXGroup;
			children = (
				BA3F5E5516FA284E00493260 /* libNYXImagesKit.a */,
				BACCF89516ED0D630094F1E5 /* libicucore.dylib */,
				BACCF88F16ED0D090094F1E5 /* libsqlite3.0.dylib */,
				BACCF88D16ED0CFB0094F1E5 /* libiconv.dylib */,
				BACCF86716ECFFFA0094F1E5 /* libxml2.dylib */,
				BACCF86516ECFF780094F1E5 /* libz.dylib */,
				BA3F5E5F16FA290200493260 /* CoreImage.framework */,
				BA3F5E5D16FA28F800493260 /* QuartzCore.framework */,
				BA3F5E5B16FA28E200493260 /* ImageIO.framework */,
				BA3F5E5916FA28DA00493260 /* AssetsLibrary.framework */,
				BA3F5E5716FA28D000493260 /* Accelerate.framework */,
				BACCF88B16ED0C2C0094F1E5 /* Security.framework */,
				BACCF86316ECFF440094F1E5 /* MobileCoreServices.framework */,
				BACCF86116ECFF3C0094F1E5 /* SystemConfiguration.framework */,
				BACCF85F16ECFF310094F1E5 /* CFNetwork.framework */,
				BA0DC16A16D4C3A500E4CED9 /* UIKit.framework */,
				BA0DC16C16D4C3A500E4CED9 /* Foundation.framework */,
				BA0DC16E16D4C3A500E4CED9 /* CoreGraphics.framework */,
			);
			name = Frameworks;
			sourceTree = "<group>";
		};
		BA0DC17016D4C3A500E4CED9 /* HellCook */ = {
			isa = PBXGroup;
			children = (
				BA02634016D756D500298803 /* Classes */,
				BA02634116D756EB00298803 /* Resoueces */,
				BA02634216D7570400298803 /* Libs */,
				BA0DC17116D4C3A500E4CED9 /* Supporting Files */,
			);
			path = HellCook;
			sourceTree = "<group>";
		};
		BA0DC17116D4C3A500E4CED9 /* Supporting Files */ = {
			isa = PBXGroup;
			children = (
				BA0DC17216D4C3A500E4CED9 /* HellCook-Info.plist */,
				BA0DC17316D4C3A500E4CED9 /* InfoPlist.strings */,
				BA0DC17616D4C3A500E4CED9 /* main.m */,
				BA0DC17816D4C3A500E4CED9 /* HellCook-Prefix.pch */,
				BA0DC17C16D4C3A500E4CED9 /* Default.png */,
				BA0DC17E16D4C3A500E4CED9 /* Default@2x.png */,
				BA0DC18016D4C3A500E4CED9 /* Default-568h@2x.png */,
			);
			name = "Supporting Files";
			sourceTree = "<group>";
		};
		BACCF82A16ECFC420094F1E5 /* fmdb */ = {
			isa = PBXGroup;
			children = (
				BACCF82B16ECFC420094F1E5 /* .gitignore */,
				BACCF82C16ECFC420094F1E5 /* FMDatabase.h */,
				BACCF82D16ECFC420094F1E5 /* FMDatabase.m */,
				BACCF82E16ECFC420094F1E5 /* FMDatabaseAdditions.h */,
				BACCF82F16ECFC420094F1E5 /* FMDatabaseAdditions.m */,
				BACCF83016ECFC420094F1E5 /* FMDatabasePool.h */,
				BACCF83116ECFC420094F1E5 /* FMDatabasePool.m */,
				BACCF83216ECFC420094F1E5 /* FMDatabaseQueue.h */,
				BACCF83316ECFC420094F1E5 /* FMDatabaseQueue.m */,
				BACCF83416ECFC420094F1E5 /* FMResultSet.h */,
				BACCF83516ECFC420094F1E5 /* FMResultSet.m */,
			);
			name = fmdb;
			path = Libs/fmdb;
			sourceTree = "<group>";
		};
		BACCF84916ECFC770094F1E5 /* NYXImagesKit */ = {
			isa = PBXGroup;
			children = (
				BACCF84A16ECFC770094F1E5 /* NYXImagesHelper.h */,
				BACCF84B16ECFC770094F1E5 /* NYXImagesKit.h */,
				BACCF84C16ECFC770094F1E5 /* NYXProgressiveImageView.h */,
				BACCF84D16ECFC770094F1E5 /* UIImage+Blurring.h */,
				BACCF84E16ECFC770094F1E5 /* UIImage+Enhancing.h */,
				BACCF84F16ECFC770094F1E5 /* UIImage+Filtering.h */,
				BACCF85016ECFC770094F1E5 /* UIImage+Masking.h */,
				BACCF85116ECFC770094F1E5 /* UIImage+Reflection.h */,
				BACCF85216ECFC770094F1E5 /* UIImage+Resizing.h */,
				BACCF85316ECFC770094F1E5 /* UIImage+Rotating.h */,
				BACCF85416ECFC770094F1E5 /* UIImage+Saving.h */,
			);
			name = NYXImagesKit;
			path = Libs/NYXImagesKit/include/NYXImagesKit;
			sourceTree = "<group>";
		};
		BACCF86916ED0BD60094F1E5 /* MKNetworkKit */ = {
			isa = PBXGroup;
			children = (
				BACCF86A16ED0BD60094F1E5 /* Categories */,
				BACCF87916ED0BD60094F1E5 /* MKNetworkEngine.h */,
				BACCF87A16ED0BD60094F1E5 /* MKNetworkEngine.m */,
				BACCF87B16ED0BD60094F1E5 /* MKNetworkKit.h */,
				BACCF87C16ED0BD60094F1E5 /* MKNetworkOperation.h */,
				BACCF87D16ED0BD60094F1E5 /* MKNetworkOperation.m */,
				BACCF87E16ED0BD60094F1E5 /* Reachability */,
			);
			name = MKNetworkKit;
			path = Libs/MKNetworkKit;
			sourceTree = "<group>";
		};
		BACCF86A16ED0BD60094F1E5 /* Categories */ = {
			isa = PBXGroup;
			children = (
				BACCF86D16ED0BD60094F1E5 /* NSData+MKBase64.h */,
				BACCF86E16ED0BD60094F1E5 /* NSData+MKBase64.m */,
				BACCF86F16ED0BD60094F1E5 /* NSDate+RFC1123.h */,
				BACCF87016ED0BD60094F1E5 /* NSDate+RFC1123.m */,
				BACCF87116ED0BD60094F1E5 /* NSDictionary+RequestEncoding.h */,
				BACCF87216ED0BD60094F1E5 /* NSDictionary+RequestEncoding.m */,
				BACCF87316ED0BD60094F1E5 /* NSString+MKNetworkKitAdditions.h */,
				BACCF87416ED0BD60094F1E5 /* NSString+MKNetworkKitAdditions.m */,
				BACCF87516ED0BD60094F1E5 /* UIAlertView+MKNetworkKitAdditions.h */,
				BACCF87616ED0BD60094F1E5 /* UIAlertView+MKNetworkKitAdditions.m */,
				BACCF87716ED0BD60094F1E5 /* UIImageView+MKNetworkKitAdditions.h */,
				BACCF87816ED0BD60094F1E5 /* UIImageView+MKNetworkKitAdditions.m */,
			);
			path = Categories;
			sourceTree = "<group>";
		};
		BACCF87E16ED0BD60094F1E5 /* Reachability */ = {
			isa = PBXGroup;
			children = (
				BACCF87F16ED0BD60094F1E5 /* Reachability.h */,
				BACCF88016ED0BD60094F1E5 /* Reachability.m */,
			);
			path = Reachability;
			sourceTree = "<group>";
		};
		BAEFA66416E652C20044B36C /* Controllers */ = {
			isa = PBXGroup;
			children = (
				BA73C94B16FE3138008284D8 /* AccountController.h */,
				BA73C94C16FE3138008284D8 /* AccountController.m */,
				BA73C94816FE1F23008284D8 /* ShoppingListController.h */,
				BA73C94916FE1F23008284D8 /* ShoppingListController.m */,
				BA73C94516FE1469008284D8 /* TopHotController.h */,
				BA73C94616FE1469008284D8 /* TopHotController.m */,
			);
			name = Controllers;
			sourceTree = "<group>";
		};
/* End PBXGroup section */

/* Begin PBXNativeTarget section */
		BA0DC16616D4C3A500E4CED9 /* HellCook */ = {
			isa = PBXNativeTarget;
			buildConfigurationList = BA0DC18416D4C3A500E4CED9 /* Build configuration list for PBXNativeTarget "HellCook" */;
			buildPhases = (
				BA0DC16316D4C3A500E4CED9 /* Sources */,
				BA0DC16416D4C3A500E4CED9 /* Frameworks */,
				BA0DC16516D4C3A500E4CED9 /* Resources */,
			);
			buildRules = (
			);
			dependencies = (
			);
			name = HellCook;
			productName = HellCook;
			productReference = BA0DC16716D4C3A500E4CED9 /* HellCook.app */;
			productType = "com.apple.product-type.application";
		};
/* End PBXNativeTarget section */

/* Begin PBXProject section */
		BA0DC15F16D4C3A500E4CED9 /* Project object */ = {
			isa = PBXProject;
			attributes = {
				LastUpgradeCheck = 0460;
				ORGANIZATIONNAME = panda;
			};
			buildConfigurationList = BA0DC16216D4C3A500E4CED9 /* Build configuration list for PBXProject "HellCook" */;
			compatibilityVersion = "Xcode 3.2";
			developmentRegion = English;
			hasScannedForEncodings = 0;
			knownRegions = (
				en,
			);
			mainGroup = BA0DC15E16D4C3A500E4CED9;
			productRefGroup = BA0DC16816D4C3A500E4CED9 /* Products */;
			projectDirPath = "";
			projectRoot = "";
			targets = (
				BA0DC16616D4C3A500E4CED9 /* HellCook */,
			);
		};
/* End PBXProject section */

/* Begin PBXResourcesBuildPhase section */
		BA0DC16516D4C3A500E4CED9 /* Resources */ = {
			isa = PBXResourcesBuildPhase;
			buildActionMask = 2147483647;
			files = (
				BA0DC17516D4C3A500E4CED9 /* InfoPlist.strings in Resources */,
				BA0DC17D16D4C3A500E4CED9 /* Default.png in Resources */,
				BA0DC17F16D4C3A500E4CED9 /* Default@2x.png in Resources */,
				BA0DC18116D4C3A500E4CED9 /* Default-568h@2x.png in Resources */,
				BACCF83616ECFC420094F1E5 /* .gitignore in Resources */,
				BA3F5E6716FA297800493260 /* Images in Resources */,
			);
			runOnlyForDeploymentPostprocessing = 0;
		};
/* End PBXResourcesBuildPhase section */

/* Begin PBXSourcesBuildPhase section */
		BA0DC16316D4C3A500E4CED9 /* Sources */ = {
			isa = PBXSourcesBuildPhase;
			buildActionMask = 2147483647;
			files = (
				BA0DC17716D4C3A500E4CED9 /* main.m in Sources */,
				BA02634516D7579700298803 /* AppDelegate.m in Sources */,
				BA02634916D759CB00298803 /* PPRevealSideViewController.m in Sources */,
				BA02635216D75E4F00298803 /* Common.m in Sources */,
				BACCF83716ECFC420094F1E5 /* FMDatabase.m in Sources */,
				BACCF83816ECFC420094F1E5 /* FMDatabaseAdditions.m in Sources */,
				BACCF83916ECFC420094F1E5 /* FMDatabasePool.m in Sources */,
				BACCF83A16ECFC420094F1E5 /* FMDatabaseQueue.m in Sources */,
				BACCF83B16ECFC420094F1E5 /* FMResultSet.m in Sources */,
				BACCF88216ED0BD60094F1E5 /* NSData+MKBase64.m in Sources */,
				BACCF88316ED0BD60094F1E5 /* NSDate+RFC1123.m in Sources */,
				BACCF88416ED0BD60094F1E5 /* NSDictionary+RequestEncoding.m in Sources */,
				BACCF88516ED0BD60094F1E5 /* NSString+MKNetworkKitAdditions.m in Sources */,
				BACCF88616ED0BD60094F1E5 /* UIAlertView+MKNetworkKitAdditions.m in Sources */,
				BACCF88716ED0BD60094F1E5 /* UIImageView+MKNetworkKitAdditions.m in Sources */,
				BACCF88816ED0BD60094F1E5 /* MKNetworkEngine.m in Sources */,
				BACCF88916ED0BD60094F1E5 /* MKNetworkOperation.m in Sources */,
				BACCF88A16ED0BD60094F1E5 /* Reachability.m in Sources */,
				BA05128616FA14C10091D3C6 /* UIImage+Retina4.m in Sources */,
				BA73C94716FE1469008284D8 /* TopHotController.m in Sources */,
				BA73C94A16FE1F23008284D8 /* ShoppingListController.m in Sources */,
				BA73C94D16FE3138008284D8 /* AccountController.m in Sources */,
			);
			runOnlyForDeploymentPostprocessing = 0;
		};
/* End PBXSourcesBuildPhase section */

/* Begin PBXVariantGroup section */
		BA0DC17316D4C3A500E4CED9 /* InfoPlist.strings */ = {
			isa = PBXVariantGroup;
			children = (
				BA0DC17416D4C3A500E4CED9 /* en */,
			);
			name = InfoPlist.strings;
			sourceTree = "<group>";
		};
/* End PBXVariantGroup section */

/* Begin XCBuildConfiguration section */
		BA0DC18216D4C3A500E4CED9 /* Debug */ = {
			isa = XCBuildConfiguration;
			buildSettings = {
				ALWAYS_SEARCH_USER_PATHS = NO;
				CLANG_CXX_LANGUAGE_STANDARD = "gnu++0x";
				CLANG_CXX_LIBRARY = "libc++";
				CLANG_WARN_CONSTANT_CONVERSION = YES;
				CLANG_WARN_EMPTY_BODY = YES;
				CLANG_WARN_ENUM_CONVERSION = YES;
				CLANG_WARN_INT_CONVERSION = YES;
				CLANG_WARN__DUPLICATE_METHOD_MATCH = YES;
				"CODE_SIGN_IDENTITY[sdk=iphoneos*]" = "iPhone Developer";
				COPY_PHASE_STRIP = NO;
				GCC_C_LANGUAGE_STANDARD = gnu99;
				GCC_DYNAMIC_NO_PIC = NO;
				GCC_OPTIMIZATION_LEVEL = 0;
				GCC_PREPROCESSOR_DEFINITIONS = (
					"DEBUG=1",
					"$(inherited)",
				);
				GCC_SYMBOLS_PRIVATE_EXTERN = NO;
				GCC_WARN_ABOUT_RETURN_TYPE = YES;
				GCC_WARN_UNINITIALIZED_AUTOS = YES;
				GCC_WARN_UNUSED_VARIABLE = YES;
				IPHONEOS_DEPLOYMENT_TARGET = 6.1;
				ONLY_ACTIVE_ARCH = YES;
				SDKROOT = iphoneos;
				TARGETED_DEVICE_FAMILY = "1,2";
			};
			name = Debug;
		};
		BA0DC18316D4C3A500E4CED9 /* Release */ = {
			isa = XCBuildConfiguration;
			buildSettings = {
				ALWAYS_SEARCH_USER_PATHS = NO;
				CLANG_CXX_LANGUAGE_STANDARD = "gnu++0x";
				CLANG_CXX_LIBRARY = "libc++";
				CLANG_WARN_CONSTANT_CONVERSION = YES;
				CLANG_WARN_EMPTY_BODY = YES;
				CLANG_WARN_ENUM_CONVERSION = YES;
				CLANG_WARN_INT_CONVERSION = YES;
				CLANG_WARN__DUPLICATE_METHOD_MATCH = YES;
				"CODE_SIGN_IDENTITY[sdk=iphoneos*]" = "iPhone Developer";
				COPY_PHASE_STRIP = YES;
				GCC_C_LANGUAGE_STANDARD = gnu99;
				GCC_WARN_ABOUT_RETURN_TYPE = YES;
				GCC_WARN_UNINITIALIZED_AUTOS = YES;
				GCC_WARN_UNUSED_VARIABLE = YES;
				IPHONEOS_DEPLOYMENT_TARGET = 6.1;
				OTHER_CFLAGS = "-DNS_BLOCK_ASSERTIONS=1";
				SDKROOT = iphoneos;
				TARGETED_DEVICE_FAMILY = "1,2";
				VALIDATE_PRODUCT = YES;
			};
			name = Release;
		};
		BA0DC18516D4C3A500E4CED9 /* Debug */ = {
			isa = XCBuildConfiguration;
			buildSettings = {
				CLANG_ENABLE_OBJC_ARC = YES;
				GCC_PRECOMPILE_PREFIX_HEADER = YES;
				GCC_PREFIX_HEADER = "HellCook/HellCook-Prefix.pch";
				HEADER_SEARCH_PATHS = /usr/include/libxml2;
				INFOPLIST_FILE = "HellCook/HellCook-Info.plist";
				LIBRARY_SEARCH_PATHS = (
					"$(inherited)",
					"\"$(SRCROOT)/HellCook/Libs/NYXImagesKit\"",
				);
				PRODUCT_NAME = "$(TARGET_NAME)";
				USER_HEADER_SEARCH_PATHS = "";
				WRAPPER_EXTENSION = app;
			};
			name = Debug;
		};
		BA0DC18616D4C3A500E4CED9 /* Release */ = {
			isa = XCBuildConfiguration;
			buildSettings = {
				CLANG_ENABLE_OBJC_ARC = YES;
				GCC_PRECOMPILE_PREFIX_HEADER = YES;
				GCC_PREFIX_HEADER = "HellCook/HellCook-Prefix.pch";
				HEADER_SEARCH_PATHS = /usr/include/libxml2;
				INFOPLIST_FILE = "HellCook/HellCook-Info.plist";
				LIBRARY_SEARCH_PATHS = (
					"$(inherited)",
					"\"$(SRCROOT)/HellCook/Libs/NYXImagesKit\"",
				);
				PRODUCT_NAME = "$(TARGET_NAME)";
				USER_HEADER_SEARCH_PATHS = "";
				WRAPPER_EXTENSION = app;
			};
			name = Release;
		};
/* End XCBuildConfiguration section */

/* Begin XCConfigurationList section */
		BA0DC16216D4C3A500E4CED9 /* Build configuration list for PBXProject "HellCook" */ = {
			isa = XCConfigurationList;
			buildConfigurations = (
				BA0DC18216D4C3A500E4CED9 /* Debug */,
				BA0DC18316D4C3A500E4CED9 /* Release */,
			);
			defaultConfigurationIsVisible = 0;
			defaultConfigurationName = Release;
		};
		BA0DC18416D4C3A500E4CED9 /* Build configuration list for PBXNativeTarget "HellCook" */ = {
			isa = XCConfigurationList;
			buildConfigurations = (
				BA0DC18516D4C3A500E4CED9 /* Debug */,
				BA0DC18616D4C3A500E4CED9 /* Release */,
			);
			defaultConfigurationIsVisible = 0;
			defaultConfigurationName = Release;
		};
/* End XCConfigurationList section */
	};
	rootObject = BA0DC15F16D4C3A500E4CED9 /* Project object */;
}
